// !$*UTF8*$!
{
	archiveVersion = 1;
	classes = {
	};
	objectVersion = 51;
	objects = {

/* Begin PBXBuildFile section */
		2040E1F6E9E03EEC5AF4784F /* Pods_BeagleScaffold_BeagleScaffoldTests.framework in Frameworks */ = {isa = PBXBuildFile; fileRef = CC200BB5E8652D8357D3412D /* Pods_BeagleScaffold_BeagleScaffoldTests.framework */; };
		252A130C258BD69B00EE5E80 /* BeagleConfig.swift in Sources */ = {isa = PBXBuildFile; fileRef = 252A12ED258BD69B00EE5E80 /* BeagleConfig.swift */; };
		252A130E258BD69B00EE5E80 /* BeagleLoggerDefault.swift in Sources */ = {isa = PBXBuildFile; fileRef = 252A12F0258BD69B00EE5E80 /* BeagleLoggerDefault.swift */; };
		252A130F258BD69B00EE5E80 /* CacheLRU.swift in Sources */ = {isa = PBXBuildFile; fileRef = 252A12F3258BD69B00EE5E80 /* CacheLRU.swift */; };
		252A1310258BD69B00EE5E80 /* DoublyLinkedList.swift in Sources */ = {isa = PBXBuildFile; fileRef = 252A12F4258BD69B00EE5E80 /* DoublyLinkedList.swift */; };
		252A1312258BD69B00EE5E80 /* CacheManager.swift in Sources */ = {isa = PBXBuildFile; fileRef = 252A12F7258BD69B00EE5E80 /* CacheManager.swift */; };
		252A1314258BD69B00EE5E80 /* CacheDiskManager.swift in Sources */ = {isa = PBXBuildFile; fileRef = 252A12FB258BD69B00EE5E80 /* CacheDiskManager.swift */; };
		252A1315258BD69B00EE5E80 /* CoreCache.xcdatamodeld in Sources */ = {isa = PBXBuildFile; fileRef = 252A12FC258BD69B00EE5E80 /* CoreCache.xcdatamodeld */; };
		252A1317258BD69B00EE5E80 /* CacheEntity+CoreDataProperties.swift in Sources */ = {isa = PBXBuildFile; fileRef = 252A1300258BD69B00EE5E80 /* CacheEntity+CoreDataProperties.swift */; };
		252A131B258BD69B00EE5E80 /* HttpRequestBuilder.swift in Sources */ = {isa = PBXBuildFile; fileRef = 252A1308258BD69B00EE5E80 /* HttpRequestBuilder.swift */; };
		252A131C258BD69B00EE5E80 /* NetworkClientDefault.swift in Sources */ = {isa = PBXBuildFile; fileRef = 252A1309258BD69B00EE5E80 /* NetworkClientDefault.swift */; };
		252A132C258BDDDA00EE5E80 /* BeagleScaffoldTests.swift in Sources */ = {isa = PBXBuildFile; fileRef = 252A132B258BDDDA00EE5E80 /* BeagleScaffoldTests.swift */; };
		252A132E258BDDDA00EE5E80 /* BeagleScaffold.framework in Frameworks */ = {isa = PBXBuildFile; fileRef = AF590BC8258A741200AE70E5 /* BeagleScaffold.framework */; };
		25BA5AA2258A9D2600588331 /* BeagleScaffold.h in Headers */ = {isa = PBXBuildFile; fileRef = 25BA5AA0258A9D2600588331 /* BeagleScaffold.h */; settings = {ATTRIBUTES = (Public, ); }; };
		25E34C34258BE2C80029AC8C /* LRUCacheTests.swift in Sources */ = {isa = PBXBuildFile; fileRef = 252A12F6258BD69B00EE5E80 /* LRUCacheTests.swift */; };
		25E34C39258BE2FE0029AC8C /* CacheManagerDefaultTests.swift in Sources */ = {isa = PBXBuildFile; fileRef = 252A12F9258BD69B00EE5E80 /* CacheManagerDefaultTests.swift */; };
		25E34C3C258BE3160029AC8C /* CacheDiskManagerTests.swift in Sources */ = {isa = PBXBuildFile; fileRef = 252A12FF258BD69B00EE5E80 /* CacheDiskManagerTests.swift */; };
		25E34C41258BE3200029AC8C /* MemoryCacheServiceTests.swift in Sources */ = {isa = PBXBuildFile; fileRef = 252A1303258BD69B00EE5E80 /* MemoryCacheServiceTests.swift */; };
		25E34C48258BE3240029AC8C /* HttpRequestBuilderTest.swift in Sources */ = {isa = PBXBuildFile; fileRef = 252A1304258BD69B00EE5E80 /* HttpRequestBuilderTest.swift */; };
		25E34C4E258BE3560029AC8C /* __Snapshots__ in Resources */ = {isa = PBXBuildFile; fileRef = 25E34C4D258BE3560029AC8C /* __Snapshots__ */; };
		85DA8590796C2CA9633BCC4D /* Pods_BeagleScaffold.framework in Frameworks */ = {isa = PBXBuildFile; fileRef = 3E27963FCC55B9BA8882957F /* Pods_BeagleScaffold.framework */; };
/* End PBXBuildFile section */

/* Begin PBXContainerItemProxy section */
		252A132F258BDDDA00EE5E80 /* PBXContainerItemProxy */ = {
			isa = PBXContainerItemProxy;
			containerPortal = AF590BBF258A741200AE70E5 /* Project object */;
			proxyType = 1;
			remoteGlobalIDString = AF590BC7258A741200AE70E5;
			remoteInfo = BeagleScaffold;
		};
/* End PBXContainerItemProxy section */

/* Begin PBXFileReference section */
		063D5D618BEA0BC6F7D5B1AD /* Pods-BeagleScaffold-BeagleScaffoldTests.release.xcconfig */ = {isa = PBXFileReference; includeInIndex = 1; lastKnownFileType = text.xcconfig; name = "Pods-BeagleScaffold-BeagleScaffoldTests.release.xcconfig"; path = "Target Support Files/Pods-BeagleScaffold-BeagleScaffoldTests/Pods-BeagleScaffold-BeagleScaffoldTests.release.xcconfig"; sourceTree = "<group>"; };
		252A12ED258BD69B00EE5E80 /* BeagleConfig.swift */ = {isa = PBXFileReference; fileEncoding = 4; lastKnownFileType = sourcecode.swift; path = BeagleConfig.swift; sourceTree = "<group>"; };
		252A12F0258BD69B00EE5E80 /* BeagleLoggerDefault.swift */ = {isa = PBXFileReference; fileEncoding = 4; lastKnownFileType = sourcecode.swift; path = BeagleLoggerDefault.swift; sourceTree = "<group>"; };
		252A12F3258BD69B00EE5E80 /* CacheLRU.swift */ = {isa = PBXFileReference; fileEncoding = 4; lastKnownFileType = sourcecode.swift; path = CacheLRU.swift; sourceTree = "<group>"; };
		252A12F4258BD69B00EE5E80 /* DoublyLinkedList.swift */ = {isa = PBXFileReference; fileEncoding = 4; lastKnownFileType = sourcecode.swift; path = DoublyLinkedList.swift; sourceTree = "<group>"; };
		252A12F6258BD69B00EE5E80 /* LRUCacheTests.swift */ = {isa = PBXFileReference; fileEncoding = 4; lastKnownFileType = sourcecode.swift; path = LRUCacheTests.swift; sourceTree = "<group>"; };
		252A12F7258BD69B00EE5E80 /* CacheManager.swift */ = {isa = PBXFileReference; fileEncoding = 4; lastKnownFileType = sourcecode.swift; path = CacheManager.swift; sourceTree = "<group>"; };
		252A12F9258BD69B00EE5E80 /* CacheManagerDefaultTests.swift */ = {isa = PBXFileReference; fileEncoding = 4; lastKnownFileType = sourcecode.swift; path = CacheManagerDefaultTests.swift; sourceTree = "<group>"; };
		252A12FB258BD69B00EE5E80 /* CacheDiskManager.swift */ = {isa = PBXFileReference; fileEncoding = 4; lastKnownFileType = sourcecode.swift; path = CacheDiskManager.swift; sourceTree = "<group>"; };
		252A12FD258BD69B00EE5E80 /* CoreCache.xcdatamodel */ = {isa = PBXFileReference; lastKnownFileType = wrapper.xcdatamodel; path = CoreCache.xcdatamodel; sourceTree = "<group>"; };
		252A12FF258BD69B00EE5E80 /* CacheDiskManagerTests.swift */ = {isa = PBXFileReference; fileEncoding = 4; lastKnownFileType = sourcecode.swift; path = CacheDiskManagerTests.swift; sourceTree = "<group>"; };
		252A1300258BD69B00EE5E80 /* CacheEntity+CoreDataProperties.swift */ = {isa = PBXFileReference; fileEncoding = 4; lastKnownFileType = sourcecode.swift; path = "CacheEntity+CoreDataProperties.swift"; sourceTree = "<group>"; };
		252A1303258BD69B00EE5E80 /* MemoryCacheServiceTests.swift */ = {isa = PBXFileReference; fileEncoding = 4; lastKnownFileType = sourcecode.swift; path = MemoryCacheServiceTests.swift; sourceTree = "<group>"; };
		252A1304258BD69B00EE5E80 /* HttpRequestBuilderTest.swift */ = {isa = PBXFileReference; fileEncoding = 4; lastKnownFileType = sourcecode.swift; path = HttpRequestBuilderTest.swift; sourceTree = "<group>"; };
		252A1308258BD69B00EE5E80 /* HttpRequestBuilder.swift */ = {isa = PBXFileReference; fileEncoding = 4; lastKnownFileType = sourcecode.swift; path = HttpRequestBuilder.swift; sourceTree = "<group>"; };
		252A1309258BD69B00EE5E80 /* NetworkClientDefault.swift */ = {isa = PBXFileReference; fileEncoding = 4; lastKnownFileType = sourcecode.swift; path = NetworkClientDefault.swift; sourceTree = "<group>"; };
		252A1329258BDDDA00EE5E80 /* BeagleScaffoldTests.xctest */ = {isa = PBXFileReference; explicitFileType = wrapper.cfbundle; includeInIndex = 0; path = BeagleScaffoldTests.xctest; sourceTree = BUILT_PRODUCTS_DIR; };
		252A132B258BDDDA00EE5E80 /* BeagleScaffoldTests.swift */ = {isa = PBXFileReference; lastKnownFileType = sourcecode.swift; path = BeagleScaffoldTests.swift; sourceTree = "<group>"; };
		252A132D258BDDDA00EE5E80 /* Info.plist */ = {isa = PBXFileReference; lastKnownFileType = text.plist.xml; path = Info.plist; sourceTree = "<group>"; };
		25BA5AA0258A9D2600588331 /* BeagleScaffold.h */ = {isa = PBXFileReference; fileEncoding = 4; lastKnownFileType = sourcecode.c.h; path = BeagleScaffold.h; sourceTree = "<group>"; };
		25BA5AA1258A9D2600588331 /* Info.plist */ = {isa = PBXFileReference; fileEncoding = 4; lastKnownFileType = text.plist.xml; path = Info.plist; sourceTree = "<group>"; };
		25E34C4D258BE3560029AC8C /* __Snapshots__ */ = {isa = PBXFileReference; lastKnownFileType = folder; path = __Snapshots__; sourceTree = "<group>"; };
		3E27963FCC55B9BA8882957F /* Pods_BeagleScaffold.framework */ = {isa = PBXFileReference; explicitFileType = wrapper.framework; includeInIndex = 0; path = Pods_BeagleScaffold.framework; sourceTree = BUILT_PRODUCTS_DIR; };
		4C3EC73A31E5BBB514D2E458 /* Pods-BeagleScaffold-BeagleScaffoldTests.debug.xcconfig */ = {isa = PBXFileReference; includeInIndex = 1; lastKnownFileType = text.xcconfig; name = "Pods-BeagleScaffold-BeagleScaffoldTests.debug.xcconfig"; path = "Target Support Files/Pods-BeagleScaffold-BeagleScaffoldTests/Pods-BeagleScaffold-BeagleScaffoldTests.debug.xcconfig"; sourceTree = "<group>"; };
		7025661A2654C7867A5F6B62 /* Pods-BeagleScaffold.debug.xcconfig */ = {isa = PBXFileReference; includeInIndex = 1; lastKnownFileType = text.xcconfig; name = "Pods-BeagleScaffold.debug.xcconfig"; path = "Target Support Files/Pods-BeagleScaffold/Pods-BeagleScaffold.debug.xcconfig"; sourceTree = "<group>"; };
		AF590BC8258A741200AE70E5 /* BeagleScaffold.framework */ = {isa = PBXFileReference; explicitFileType = wrapper.framework; includeInIndex = 0; path = BeagleScaffold.framework; sourceTree = BUILT_PRODUCTS_DIR; };
		CC200BB5E8652D8357D3412D /* Pods_BeagleScaffold_BeagleScaffoldTests.framework */ = {isa = PBXFileReference; explicitFileType = wrapper.framework; includeInIndex = 0; path = Pods_BeagleScaffold_BeagleScaffoldTests.framework; sourceTree = BUILT_PRODUCTS_DIR; };
		E336A5A0D6174EC91E51B3C6 /* Pods-BeagleScaffold.release.xcconfig */ = {isa = PBXFileReference; includeInIndex = 1; lastKnownFileType = text.xcconfig; name = "Pods-BeagleScaffold.release.xcconfig"; path = "Target Support Files/Pods-BeagleScaffold/Pods-BeagleScaffold.release.xcconfig"; sourceTree = "<group>"; };
/* End PBXFileReference section */

/* Begin PBXFrameworksBuildPhase section */
		252A1326258BDDDA00EE5E80 /* Frameworks */ = {
			isa = PBXFrameworksBuildPhase;
			buildActionMask = 2147483647;
			files = (
				252A132E258BDDDA00EE5E80 /* BeagleScaffold.framework in Frameworks */,
				2040E1F6E9E03EEC5AF4784F /* Pods_BeagleScaffold_BeagleScaffoldTests.framework in Frameworks */,
			);
			runOnlyForDeploymentPostprocessing = 0;
		};
		AF590BC5258A741200AE70E5 /* Frameworks */ = {
			isa = PBXFrameworksBuildPhase;
			buildActionMask = 2147483647;
			files = (
				85DA8590796C2CA9633BCC4D /* Pods_BeagleScaffold.framework in Frameworks */,
			);
			runOnlyForDeploymentPostprocessing = 0;
		};
/* End PBXFrameworksBuildPhase section */

/* Begin PBXGroup section */
		006DBDE7DF6E67C4CF1FA1E4 /* Frameworks */ = {
			isa = PBXGroup;
			children = (
				3E27963FCC55B9BA8882957F /* Pods_BeagleScaffold.framework */,
				CC200BB5E8652D8357D3412D /* Pods_BeagleScaffold_BeagleScaffoldTests.framework */,
			);
			name = Frameworks;
			sourceTree = "<group>";
		};
		252A12EC258BD69B00EE5E80 /* Defaults */ = {
			isa = PBXGroup;
			children = (
				252A12ED258BD69B00EE5E80 /* BeagleConfig.swift */,
				252A12EF258BD69B00EE5E80 /* Logger */,
				252A12F1258BD69B00EE5E80 /* Cache */,
				252A1301258BD69B00EE5E80 /* Network */,
			);
			path = Defaults;
			sourceTree = "<group>";
		};
		252A12EF258BD69B00EE5E80 /* Logger */ = {
			isa = PBXGroup;
			children = (
				252A12F0258BD69B00EE5E80 /* BeagleLoggerDefault.swift */,
			);
			path = Logger;
			sourceTree = "<group>";
		};
		252A12F1258BD69B00EE5E80 /* Cache */ = {
			isa = PBXGroup;
			children = (
				252A12F2258BD69B00EE5E80 /* LRU */,
				252A12F7258BD69B00EE5E80 /* CacheManager.swift */,
				252A12F8258BD69B00EE5E80 /* Tests */,
				252A12FA258BD69B00EE5E80 /* CoreData */,
			);
			path = Cache;
			sourceTree = "<group>";
		};
		252A12F2258BD69B00EE5E80 /* LRU */ = {
			isa = PBXGroup;
			children = (
				252A12F3258BD69B00EE5E80 /* CacheLRU.swift */,
				252A12F4258BD69B00EE5E80 /* DoublyLinkedList.swift */,
				252A12F5258BD69B00EE5E80 /* Tests */,
			);
			path = LRU;
			sourceTree = "<group>";
		};
		252A12F5258BD69B00EE5E80 /* Tests */ = {
			isa = PBXGroup;
			children = (
				252A12F6258BD69B00EE5E80 /* LRUCacheTests.swift */,
			);
			path = Tests;
			sourceTree = "<group>";
		};
		252A12F8258BD69B00EE5E80 /* Tests */ = {
			isa = PBXGroup;
			children = (
				252A12F9258BD69B00EE5E80 /* CacheManagerDefaultTests.swift */,
			);
			path = Tests;
			sourceTree = "<group>";
		};
		252A12FA258BD69B00EE5E80 /* CoreData */ = {
			isa = PBXGroup;
			children = (
				252A12FB258BD69B00EE5E80 /* CacheDiskManager.swift */,
				252A12FC258BD69B00EE5E80 /* CoreCache.xcdatamodeld */,
				252A12FE258BD69B00EE5E80 /* Tests */,
				252A1300258BD69B00EE5E80 /* CacheEntity+CoreDataProperties.swift */,
			);
			path = CoreData;
			sourceTree = "<group>";
		};
		252A12FE258BD69B00EE5E80 /* Tests */ = {
			isa = PBXGroup;
			children = (
				252A12FF258BD69B00EE5E80 /* CacheDiskManagerTests.swift */,
			);
			path = Tests;
			sourceTree = "<group>";
		};
		252A1301258BD69B00EE5E80 /* Network */ = {
			isa = PBXGroup;
			children = (
				252A1302258BD69B00EE5E80 /* Tests */,
				252A1308258BD69B00EE5E80 /* HttpRequestBuilder.swift */,
				252A1309258BD69B00EE5E80 /* NetworkClientDefault.swift */,
			);
			path = Network;
			sourceTree = "<group>";
		};
		252A1302258BD69B00EE5E80 /* Tests */ = {
			isa = PBXGroup;
			children = (
				25E34C4D258BE3560029AC8C /* __Snapshots__ */,
				252A1303258BD69B00EE5E80 /* MemoryCacheServiceTests.swift */,
				252A1304258BD69B00EE5E80 /* HttpRequestBuilderTest.swift */,
			);
			path = Tests;
			sourceTree = "<group>";
		};
		252A132A258BDDDA00EE5E80 /* BeagleScaffoldTests */ = {
			isa = PBXGroup;
			children = (
				252A132B258BDDDA00EE5E80 /* BeagleScaffoldTests.swift */,
				252A132D258BDDDA00EE5E80 /* Info.plist */,
			);
			path = BeagleScaffoldTests;
			sourceTree = "<group>";
		};
		25BA5A9F258A9D2600588331 /* Sources */ = {
			isa = PBXGroup;
			children = (
				252A12EC258BD69B00EE5E80 /* Defaults */,
			);
			path = Sources;
			sourceTree = "<group>";
		};
		25BA5AA9258A9F9C00588331 /* Resources */ = {
			isa = PBXGroup;
			children = (
				25BA5AA0258A9D2600588331 /* BeagleScaffold.h */,
				25BA5AA1258A9D2600588331 /* Info.plist */,
			);
			path = Resources;
			sourceTree = "<group>";
		};
		AF590BBE258A741200AE70E5 = {
			isa = PBXGroup;
			children = (
				25BA5A9F258A9D2600588331 /* Sources */,
				25BA5AA9258A9F9C00588331 /* Resources */,
				252A132A258BDDDA00EE5E80 /* BeagleScaffoldTests */,
				AF590BC9258A741200AE70E5 /* Products */,
				D5C565A9908A40E1D6AF5949 /* Pods */,
				006DBDE7DF6E67C4CF1FA1E4 /* Frameworks */,
			);
			sourceTree = "<group>";
		};
		AF590BC9258A741200AE70E5 /* Products */ = {
			isa = PBXGroup;
			children = (
				AF590BC8258A741200AE70E5 /* BeagleScaffold.framework */,
				252A1329258BDDDA00EE5E80 /* BeagleScaffoldTests.xctest */,
			);
			name = Products;
			sourceTree = "<group>";
		};
		D5C565A9908A40E1D6AF5949 /* Pods */ = {
			isa = PBXGroup;
			children = (
				7025661A2654C7867A5F6B62 /* Pods-BeagleScaffold.debug.xcconfig */,
				E336A5A0D6174EC91E51B3C6 /* Pods-BeagleScaffold.release.xcconfig */,
				4C3EC73A31E5BBB514D2E458 /* Pods-BeagleScaffold-BeagleScaffoldTests.debug.xcconfig */,
				063D5D618BEA0BC6F7D5B1AD /* Pods-BeagleScaffold-BeagleScaffoldTests.release.xcconfig */,
			);
			path = Pods;
			sourceTree = "<group>";
		};
/* End PBXGroup section */

/* Begin PBXHeadersBuildPhase section */
		AF590BC3258A741200AE70E5 /* Headers */ = {
			isa = PBXHeadersBuildPhase;
			buildActionMask = 2147483647;
			files = (
				25BA5AA2258A9D2600588331 /* BeagleScaffold.h in Headers */,
			);
			runOnlyForDeploymentPostprocessing = 0;
		};
/* End PBXHeadersBuildPhase section */

/* Begin PBXNativeTarget section */
		252A1328258BDDDA00EE5E80 /* BeagleScaffoldTests */ = {
			isa = PBXNativeTarget;
			buildConfigurationList = 252A1331258BDDDA00EE5E80 /* Build configuration list for PBXNativeTarget "BeagleScaffoldTests" */;
			buildPhases = (
				5150FA90EF043052CCC7290C /* [CP] Check Pods Manifest.lock */,
				252A1325258BDDDA00EE5E80 /* Sources */,
				252A1326258BDDDA00EE5E80 /* Frameworks */,
				252A1327258BDDDA00EE5E80 /* Resources */,
				4AFF995C891847C0D6BC3751 /* [CP] Embed Pods Frameworks */,
			);
			buildRules = (
			);
			dependencies = (
				252A1330258BDDDA00EE5E80 /* PBXTargetDependency */,
			);
			name = BeagleScaffoldTests;
			productName = BeagleScaffoldTests;
			productReference = 252A1329258BDDDA00EE5E80 /* BeagleScaffoldTests.xctest */;
			productType = "com.apple.product-type.bundle.unit-test";
		};
		AF590BC7258A741200AE70E5 /* BeagleScaffold */ = {
			isa = PBXNativeTarget;
			buildConfigurationList = AF590BD0258A741200AE70E5 /* Build configuration list for PBXNativeTarget "BeagleScaffold" */;
			buildPhases = (
				9C8D3106057D4171C29976D3 /* [CP] Check Pods Manifest.lock */,
				AF590BC3258A741200AE70E5 /* Headers */,
				AF590BC4258A741200AE70E5 /* Sources */,
				AF590BC5258A741200AE70E5 /* Frameworks */,
				AF590BC6258A741200AE70E5 /* Resources */,
			);
			buildRules = (
			);
			dependencies = (
			);
			name = BeagleScaffold;
			productName = BeagleScaffold;
			productReference = AF590BC8258A741200AE70E5 /* BeagleScaffold.framework */;
			productType = "com.apple.product-type.framework";
		};
/* End PBXNativeTarget section */

/* Begin PBXProject section */
		AF590BBF258A741200AE70E5 /* Project object */ = {
			isa = PBXProject;
			attributes = {
				LastSwiftUpdateCheck = 1230;
				LastUpgradeCheck = 1220;
				TargetAttributes = {
					252A1328258BDDDA00EE5E80 = {
						CreatedOnToolsVersion = 12.3;
					};
					AF590BC7258A741200AE70E5 = {
						CreatedOnToolsVersion = 12.2;
						LastSwiftMigration = 1230;
					};
				};
			};
			buildConfigurationList = AF590BC2258A741200AE70E5 /* Build configuration list for PBXProject "BeagleScaffold" */;
			compatibilityVersion = "Xcode 9.3";
			developmentRegion = en;
			hasScannedForEncodings = 0;
			knownRegions = (
				en,
				Base,
			);
			mainGroup = AF590BBE258A741200AE70E5;
			productRefGroup = AF590BC9258A741200AE70E5 /* Products */;
			projectDirPath = "";
			projectRoot = "";
			targets = (
				AF590BC7258A741200AE70E5 /* BeagleScaffold */,
				252A1328258BDDDA00EE5E80 /* BeagleScaffoldTests */,
			);
		};
/* End PBXProject section */

/* Begin PBXResourcesBuildPhase section */
		252A1327258BDDDA00EE5E80 /* Resources */ = {
			isa = PBXResourcesBuildPhase;
			buildActionMask = 2147483647;
			files = (
				25E34C4E258BE3560029AC8C /* __Snapshots__ in Resources */,
			);
			runOnlyForDeploymentPostprocessing = 0;
		};
		AF590BC6258A741200AE70E5 /* Resources */ = {
			isa = PBXResourcesBuildPhase;
			buildActionMask = 2147483647;
			files = (
			);
			runOnlyForDeploymentPostprocessing = 0;
		};
/* End PBXResourcesBuildPhase section */

/* Begin PBXShellScriptBuildPhase section */
		4AFF995C891847C0D6BC3751 /* [CP] Embed Pods Frameworks */ = {
			isa = PBXShellScriptBuildPhase;
			buildActionMask = 2147483647;
			files = (
			);
			inputFileListPaths = (
				"${PODS_ROOT}/Target Support Files/Pods-BeagleScaffold-BeagleScaffoldTests/Pods-BeagleScaffold-BeagleScaffoldTests-frameworks-${CONFIGURATION}-input-files.xcfilelist",
			);
			name = "[CP] Embed Pods Frameworks";
			outputFileListPaths = (
				"${PODS_ROOT}/Target Support Files/Pods-BeagleScaffold-BeagleScaffoldTests/Pods-BeagleScaffold-BeagleScaffoldTests-frameworks-${CONFIGURATION}-output-files.xcfilelist",
			);
			runOnlyForDeploymentPostprocessing = 0;
			shellPath = /bin/sh;
			shellScript = "\"${PODS_ROOT}/Target Support Files/Pods-BeagleScaffold-BeagleScaffoldTests/Pods-BeagleScaffold-BeagleScaffoldTests-frameworks.sh\"\n";
			showEnvVarsInLog = 0;
		};
		5150FA90EF043052CCC7290C /* [CP] Check Pods Manifest.lock */ = {
			isa = PBXShellScriptBuildPhase;
			buildActionMask = 2147483647;
			files = (
			);
			inputFileListPaths = (
			);
			inputPaths = (
				"${PODS_PODFILE_DIR_PATH}/Podfile.lock",
				"${PODS_ROOT}/Manifest.lock",
			);
			name = "[CP] Check Pods Manifest.lock";
			outputFileListPaths = (
			);
			outputPaths = (
				"$(DERIVED_FILE_DIR)/Pods-BeagleScaffold-BeagleScaffoldTests-checkManifestLockResult.txt",
			);
			runOnlyForDeploymentPostprocessing = 0;
			shellPath = /bin/sh;
			shellScript = "diff \"${PODS_PODFILE_DIR_PATH}/Podfile.lock\" \"${PODS_ROOT}/Manifest.lock\" > /dev/null\nif [ $? != 0 ] ; then\n    # print error to STDERR\n    echo \"error: The sandbox is not in sync with the Podfile.lock. Run 'pod install' or update your CocoaPods installation.\" >&2\n    exit 1\nfi\n# This output is used by Xcode 'outputs' to avoid re-running this script phase.\necho \"SUCCESS\" > \"${SCRIPT_OUTPUT_FILE_0}\"\n";
			showEnvVarsInLog = 0;
		};
		9C8D3106057D4171C29976D3 /* [CP] Check Pods Manifest.lock */ = {
			isa = PBXShellScriptBuildPhase;
			buildActionMask = 2147483647;
			files = (
			);
			inputFileListPaths = (
			);
			inputPaths = (
				"${PODS_PODFILE_DIR_PATH}/Podfile.lock",
				"${PODS_ROOT}/Manifest.lock",
			);
			name = "[CP] Check Pods Manifest.lock";
			outputFileListPaths = (
			);
			outputPaths = (
				"$(DERIVED_FILE_DIR)/Pods-BeagleScaffold-checkManifestLockResult.txt",
			);
			runOnlyForDeploymentPostprocessing = 0;
			shellPath = /bin/sh;
			shellScript = "diff \"${PODS_PODFILE_DIR_PATH}/Podfile.lock\" \"${PODS_ROOT}/Manifest.lock\" > /dev/null\nif [ $? != 0 ] ; then\n    # print error to STDERR\n    echo \"error: The sandbox is not in sync with the Podfile.lock. Run 'pod install' or update your CocoaPods installation.\" >&2\n    exit 1\nfi\n# This output is used by Xcode 'outputs' to avoid re-running this script phase.\necho \"SUCCESS\" > \"${SCRIPT_OUTPUT_FILE_0}\"\n";
			showEnvVarsInLog = 0;
		};
/* End PBXShellScriptBuildPhase section */

/* Begin PBXSourcesBuildPhase section */
		252A1325258BDDDA00EE5E80 /* Sources */ = {
			isa = PBXSourcesBuildPhase;
			buildActionMask = 2147483647;
			files = (
				25E34C34258BE2C80029AC8C /* LRUCacheTests.swift in Sources */,
				25E34C48258BE3240029AC8C /* HttpRequestBuilderTest.swift in Sources */,
				252A132C258BDDDA00EE5E80 /* BeagleScaffoldTests.swift in Sources */,
				25E34C39258BE2FE0029AC8C /* CacheManagerDefaultTests.swift in Sources */,
				25E34C41258BE3200029AC8C /* MemoryCacheServiceTests.swift in Sources */,
				25E34C3C258BE3160029AC8C /* CacheDiskManagerTests.swift in Sources */,
			);
			runOnlyForDeploymentPostprocessing = 0;
		};
		AF590BC4258A741200AE70E5 /* Sources */ = {
			isa = PBXSourcesBuildPhase;
			buildActionMask = 2147483647;
			files = (
				252A1317258BD69B00EE5E80 /* CacheEntity+CoreDataProperties.swift in Sources */,
				252A1310258BD69B00EE5E80 /* DoublyLinkedList.swift in Sources */,
				252A131B258BD69B00EE5E80 /* HttpRequestBuilder.swift in Sources */,
				252A130E258BD69B00EE5E80 /* BeagleLoggerDefault.swift in Sources */,
				252A1312258BD69B00EE5E80 /* CacheManager.swift in Sources */,
				252A131C258BD69B00EE5E80 /* NetworkClientDefault.swift in Sources */,
				252A1314258BD69B00EE5E80 /* CacheDiskManager.swift in Sources */,
				252A130F258BD69B00EE5E80 /* CacheLRU.swift in Sources */,
				252A130C258BD69B00EE5E80 /* BeagleConfig.swift in Sources */,
				252A1315258BD69B00EE5E80 /* CoreCache.xcdatamodeld in Sources */,
			);
			runOnlyForDeploymentPostprocessing = 0;
		};
/* End PBXSourcesBuildPhase section */

/* Begin PBXTargetDependency section */
		252A1330258BDDDA00EE5E80 /* PBXTargetDependency */ = {
			isa = PBXTargetDependency;
			target = AF590BC7258A741200AE70E5 /* BeagleScaffold */;
			targetProxy = 252A132F258BDDDA00EE5E80 /* PBXContainerItemProxy */;
		};
/* End PBXTargetDependency section */

/* Begin XCBuildConfiguration section */
		252A1332258BDDDA00EE5E80 /* Debug */ = {
			isa = XCBuildConfiguration;
			baseConfigurationReference = 4C3EC73A31E5BBB514D2E458 /* Pods-BeagleScaffold-BeagleScaffoldTests.debug.xcconfig */;
			buildSettings = {
				CODE_SIGN_STYLE = Automatic;
				DEVELOPMENT_TEAM = MP4S2UCGZ9;
				INFOPLIST_FILE = BeagleScaffoldTests/Info.plist;
				IPHONEOS_DEPLOYMENT_TARGET = 14.3;
				LD_RUNPATH_SEARCH_PATHS = (
					"$(inherited)",
					"@executable_path/Frameworks",
					"@loader_path/Frameworks",
				);
				PRODUCT_BUNDLE_IDENTIFIER = com.ortu.caio.BeagleScaffoldTests;
				PRODUCT_NAME = "$(TARGET_NAME)";
				SWIFT_VERSION = 5.0;
				TARGETED_DEVICE_FAMILY = "1,2";
			};
			name = Debug;
		};
		252A1333258BDDDA00EE5E80 /* Release */ = {
			isa = XCBuildConfiguration;
			baseConfigurationReference = 063D5D618BEA0BC6F7D5B1AD /* Pods-BeagleScaffold-BeagleScaffoldTests.release.xcconfig */;
			buildSettings = {
				CODE_SIGN_STYLE = Automatic;
				DEVELOPMENT_TEAM = MP4S2UCGZ9;
				INFOPLIST_FILE = BeagleScaffoldTests/Info.plist;
				IPHONEOS_DEPLOYMENT_TARGET = 14.3;
				LD_RUNPATH_SEARCH_PATHS = (
					"$(inherited)",
					"@executable_path/Frameworks",
					"@loader_path/Frameworks",
				);
				PRODUCT_BUNDLE_IDENTIFIER = com.ortu.caio.BeagleScaffoldTests;
				PRODUCT_NAME = "$(TARGET_NAME)";
				SWIFT_VERSION = 5.0;
				TARGETED_DEVICE_FAMILY = "1,2";
			};
			name = Release;
		};
		AF590BCE258A741200AE70E5 /* Debug */ = {
			isa = XCBuildConfiguration;
			buildSettings = {
				ALWAYS_SEARCH_USER_PATHS = NO;
				CLANG_ANALYZER_NONNULL = YES;
				CLANG_ANALYZER_NUMBER_OBJECT_CONVERSION = YES_AGGRESSIVE;
				CLANG_CXX_LANGUAGE_STANDARD = "gnu++14";
				CLANG_CXX_LIBRARY = "libc++";
				CLANG_ENABLE_MODULES = YES;
				CLANG_ENABLE_OBJC_ARC = YES;
				CLANG_ENABLE_OBJC_WEAK = YES;
				CLANG_WARN_BLOCK_CAPTURE_AUTORELEASING = YES;
				CLANG_WARN_BOOL_CONVERSION = YES;
				CLANG_WARN_COMMA = YES;
				CLANG_WARN_CONSTANT_CONVERSION = YES;
				CLANG_WARN_DEPRECATED_OBJC_IMPLEMENTATIONS = YES;
				CLANG_WARN_DIRECT_OBJC_ISA_USAGE = YES_ERROR;
				CLANG_WARN_DOCUMENTATION_COMMENTS = YES;
				CLANG_WARN_EMPTY_BODY = YES;
				CLANG_WARN_ENUM_CONVERSION = YES;
				CLANG_WARN_INFINITE_RECURSION = YES;
				CLANG_WARN_INT_CONVERSION = YES;
				CLANG_WARN_NON_LITERAL_NULL_CONVERSION = YES;
				CLANG_WARN_OBJC_IMPLICIT_RETAIN_SELF = YES;
				CLANG_WARN_OBJC_LITERAL_CONVERSION = YES;
				CLANG_WARN_OBJC_ROOT_CLASS = YES_ERROR;
				CLANG_WARN_QUOTED_INCLUDE_IN_FRAMEWORK_HEADER = YES;
				CLANG_WARN_RANGE_LOOP_ANALYSIS = YES;
				CLANG_WARN_STRICT_PROTOTYPES = YES;
				CLANG_WARN_SUSPICIOUS_MOVE = YES;
				CLANG_WARN_UNGUARDED_AVAILABILITY = YES_AGGRESSIVE;
				CLANG_WARN_UNREACHABLE_CODE = YES;
				CLANG_WARN__DUPLICATE_METHOD_MATCH = YES;
				COPY_PHASE_STRIP = NO;
				CURRENT_PROJECT_VERSION = 1;
				DEBUG_INFORMATION_FORMAT = dwarf;
				ENABLE_STRICT_OBJC_MSGSEND = YES;
				ENABLE_TESTABILITY = YES;
				GCC_C_LANGUAGE_STANDARD = gnu11;
				GCC_DYNAMIC_NO_PIC = NO;
				GCC_NO_COMMON_BLOCKS = YES;
				GCC_OPTIMIZATION_LEVEL = 0;
				GCC_PREPROCESSOR_DEFINITIONS = (
					"DEBUG=1",
					"$(inherited)",
				);
				GCC_WARN_64_TO_32_BIT_CONVERSION = YES;
				GCC_WARN_ABOUT_RETURN_TYPE = YES_ERROR;
				GCC_WARN_UNDECLARED_SELECTOR = YES;
				GCC_WARN_UNINITIALIZED_AUTOS = YES_AGGRESSIVE;
				GCC_WARN_UNUSED_FUNCTION = YES;
				GCC_WARN_UNUSED_VARIABLE = YES;
				IPHONEOS_DEPLOYMENT_TARGET = 14.2;
				MTL_ENABLE_DEBUG_INFO = INCLUDE_SOURCE;
				MTL_FAST_MATH = YES;
				ONLY_ACTIVE_ARCH = YES;
				SDKROOT = iphoneos;
				SWIFT_ACTIVE_COMPILATION_CONDITIONS = DEBUG;
				SWIFT_OPTIMIZATION_LEVEL = "-Onone";
				VERSIONING_SYSTEM = "apple-generic";
				VERSION_INFO_PREFIX = "";
			};
			name = Debug;
		};
		AF590BCF258A741200AE70E5 /* Release */ = {
			isa = XCBuildConfiguration;
			buildSettings = {
				ALWAYS_SEARCH_USER_PATHS = NO;
				CLANG_ANALYZER_NONNULL = YES;
				CLANG_ANALYZER_NUMBER_OBJECT_CONVERSION = YES_AGGRESSIVE;
				CLANG_CXX_LANGUAGE_STANDARD = "gnu++14";
				CLANG_CXX_LIBRARY = "libc++";
				CLANG_ENABLE_MODULES = YES;
				CLANG_ENABLE_OBJC_ARC = YES;
				CLANG_ENABLE_OBJC_WEAK = YES;
				CLANG_WARN_BLOCK_CAPTURE_AUTORELEASING = YES;
				CLANG_WARN_BOOL_CONVERSION = YES;
				CLANG_WARN_COMMA = YES;
				CLANG_WARN_CONSTANT_CONVERSION = YES;
				CLANG_WARN_DEPRECATED_OBJC_IMPLEMENTATIONS = YES;
				CLANG_WARN_DIRECT_OBJC_ISA_USAGE = YES_ERROR;
				CLANG_WARN_DOCUMENTATION_COMMENTS = YES;
				CLANG_WARN_EMPTY_BODY = YES;
				CLANG_WARN_ENUM_CONVERSION = YES;
				CLANG_WARN_INFINITE_RECURSION = YES;
				CLANG_WARN_INT_CONVERSION = YES;
				CLANG_WARN_NON_LITERAL_NULL_CONVERSION = YES;
				CLANG_WARN_OBJC_IMPLICIT_RETAIN_SELF = YES;
				CLANG_WARN_OBJC_LITERAL_CONVERSION = YES;
				CLANG_WARN_OBJC_ROOT_CLASS = YES_ERROR;
				CLANG_WARN_QUOTED_INCLUDE_IN_FRAMEWORK_HEADER = YES;
				CLANG_WARN_RANGE_LOOP_ANALYSIS = YES;
				CLANG_WARN_STRICT_PROTOTYPES = YES;
				CLANG_WARN_SUSPICIOUS_MOVE = YES;
				CLANG_WARN_UNGUARDED_AVAILABILITY = YES_AGGRESSIVE;
				CLANG_WARN_UNREACHABLE_CODE = YES;
				CLANG_WARN__DUPLICATE_METHOD_MATCH = YES;
				COPY_PHASE_STRIP = NO;
				CURRENT_PROJECT_VERSION = 1;
				DEBUG_INFORMATION_FORMAT = "dwarf-with-dsym";
				ENABLE_NS_ASSERTIONS = NO;
				ENABLE_STRICT_OBJC_MSGSEND = YES;
				GCC_C_LANGUAGE_STANDARD = gnu11;
				GCC_NO_COMMON_BLOCKS = YES;
				GCC_WARN_64_TO_32_BIT_CONVERSION = YES;
				GCC_WARN_ABOUT_RETURN_TYPE = YES_ERROR;
				GCC_WARN_UNDECLARED_SELECTOR = YES;
				GCC_WARN_UNINITIALIZED_AUTOS = YES_AGGRESSIVE;
				GCC_WARN_UNUSED_FUNCTION = YES;
				GCC_WARN_UNUSED_VARIABLE = YES;
				IPHONEOS_DEPLOYMENT_TARGET = 14.2;
				MTL_ENABLE_DEBUG_INFO = NO;
				MTL_FAST_MATH = YES;
				SDKROOT = iphoneos;
				SWIFT_COMPILATION_MODE = wholemodule;
				SWIFT_OPTIMIZATION_LEVEL = "-O";
				VALIDATE_PRODUCT = YES;
				VERSIONING_SYSTEM = "apple-generic";
				VERSION_INFO_PREFIX = "";
			};
			name = Release;
		};
		AF590BD1258A741200AE70E5 /* Debug */ = {
			isa = XCBuildConfiguration;
			baseConfigurationReference = 7025661A2654C7867A5F6B62 /* Pods-BeagleScaffold.debug.xcconfig */;
			buildSettings = {
				CLANG_ENABLE_MODULES = YES;
				CODE_SIGN_STYLE = Automatic;
				DEFINES_MODULE = YES;
				DYLIB_COMPATIBILITY_VERSION = 1;
				DYLIB_CURRENT_VERSION = 1;
				DYLIB_INSTALL_NAME_BASE = "@rpath";
				INFOPLIST_FILE = "$(SRCROOT)/Resources/Info.plist";
				INSTALL_PATH = "$(LOCAL_LIBRARY_DIR)/Frameworks";
				LD_RUNPATH_SEARCH_PATHS = (
					"$(inherited)",
					"@executable_path/Frameworks",
					"@loader_path/Frameworks",
				);
				PRODUCT_BUNDLE_IDENTIFIER = joaojaco.BeagleScaffold;
				PRODUCT_NAME = "$(TARGET_NAME:c99extidentifier)";
				SKIP_INSTALL = YES;
				SWIFT_OPTIMIZATION_LEVEL = "-Onone";
				SWIFT_VERSION = 5.0;
				TARGETED_DEVICE_FAMILY = "1,2";
			};
			name = Debug;
		};
		AF590BD2258A741200AE70E5 /* Release */ = {
			isa = XCBuildConfiguration;
			baseConfigurationReference = E336A5A0D6174EC91E51B3C6 /* Pods-BeagleScaffold.release.xcconfig */;
			buildSettings = {
				CLANG_ENABLE_MODULES = YES;
				CODE_SIGN_STYLE = Automatic;
				DEFINES_MODULE = YES;
				DYLIB_COMPATIBILITY_VERSION = 1;
				DYLIB_CURRENT_VERSION = 1;
				DYLIB_INSTALL_NAME_BASE = "@rpath";
				INFOPLIST_FILE = "$(SRCROOT)/Resources/Info.plist";
				INSTALL_PATH = "$(LOCAL_LIBRARY_DIR)/Frameworks";
				LD_RUNPATH_SEARCH_PATHS = (
					"$(inherited)",
					"@executable_path/Frameworks",
					"@loader_path/Frameworks",
				);
				PRODUCT_BUNDLE_IDENTIFIER = joaojaco.BeagleScaffold;
				PRODUCT_NAME = "$(TARGET_NAME:c99extidentifier)";
				SKIP_INSTALL = YES;
				SWIFT_VERSION = 5.0;
				TARGETED_DEVICE_FAMILY = "1,2";
			};
			name = Release;
		};
/* End XCBuildConfiguration section */

/* Begin XCConfigurationList section */
		252A1331258BDDDA00EE5E80 /* Build configuration list for PBXNativeTarget "BeagleScaffoldTests" */ = {
			isa = XCConfigurationList;
			buildConfigurations = (
				252A1332258BDDDA00EE5E80 /* Debug */,
				252A1333258BDDDA00EE5E80 /* Release */,
			);
			defaultConfigurationIsVisible = 0;
			defaultConfigurationName = Release;
		};
		AF590BC2258A741200AE70E5 /* Build configuration list for PBXProject "BeagleScaffold" */ = {
			isa = XCConfigurationList;
			buildConfigurations = (
				AF590BCE258A741200AE70E5 /* Debug */,
				AF590BCF258A741200AE70E5 /* Release */,
			);
			defaultConfigurationIsVisible = 0;
			defaultConfigurationName = Release;
		};
		AF590BD0258A741200AE70E5 /* Build configuration list for PBXNativeTarget "BeagleScaffold" */ = {
			isa = XCConfigurationList;
			buildConfigurations = (
				AF590BD1258A741200AE70E5 /* Debug */,
				AF590BD2258A741200AE70E5 /* Release */,
			);
			defaultConfigurationIsVisible = 0;
			defaultConfigurationName = Release;
		};
/* End XCConfigurationList section */

/* Begin XCVersionGroup section */
		252A12FC258BD69B00EE5E80 /* CoreCache.xcdatamodeld */ = {
			isa = XCVersionGroup;
			children = (
				252A12FD258BD69B00EE5E80 /* CoreCache.xcdatamodel */,
			);
			currentVersion = 252A12FD258BD69B00EE5E80 /* CoreCache.xcdatamodel */;
			path = CoreCache.xcdatamodeld;
			sourceTree = "<group>";
			versionGroupType = wrapper.xcdatamodel;
		};
/* End XCVersionGroup section */
	};
	rootObject = AF590BBF258A741200AE70E5 /* Project object */;
}
