PODS:
  - Beagle (1.5.0):
    - Beagle/Beagle (= 1.5.0)
  - Beagle/Beagle (1.5.0):
    - BeagleSchema (= 1.5.0)
    - YogaKit
  - BeagleSchema (1.5.0)
  - Yoga (1.14.0)
  - YogaKit (1.18.1):
    - Yoga (~> 1.14)

DEPENDENCIES:
  - Beagle

SPEC REPOS:
  trunk:
    - Beagle
    - BeagleSchema
    - Yoga
    - YogaKit

SPEC CHECKSUMS:
  Beagle: 68b7583ec5ba63d8000f87afc32247d61019adbd
  BeagleSchema: cc5463afa843ac07caaddb875d82c97a7d8a0153
  Yoga: cff67a400f6b74dc38eb0bad4f156673d9aa980c
  YogaKit: f782866e155069a2cca2517aafea43200b01fd5a

PODFILE CHECKSUM: 54500dc0414c1a854a42cb129710b81744ff77ef

COCOAPODS: 1.10.0
