PODS:
  - Beagle (1.5.0):
    - Beagle/Beagle (= 1.5.0)
  - Beagle/Beagle (1.5.0):
    - BeagleSchema (= 1.5.0)
    - YogaKit
  - BeagleDefaults (1.0.0):
    - Beagle
  - BeagleScaffold (1.0.0):
    - BeagleDefaults
  - BeagleSchema (1.5.0)
  - Yoga (1.14.0)
  - YogaKit (1.18.1):
    - Yoga (~> 1.14)

DEPENDENCIES:
  - Beagle
  - BeagleDefaults (from `../BeagleDefaults.podspec`)
  - BeagleScaffold (from `../BeagleScaffold.podspec`)
  - YogaKit (from `https://github.com/ZupIT/YogaKit`)

SPEC REPOS:
  trunk:
    - Beagle
    - BeagleSchema
    - Yoga

EXTERNAL SOURCES:
  BeagleDefaults:
    :path: "../BeagleDefaults.podspec"
  BeagleScaffold:
    :path: "../BeagleScaffold.podspec"
  YogaKit:
    :git: https://github.com/ZupIT/YogaKit

CHECKOUT OPTIONS:
  YogaKit:
    :commit: 939ed55b23a687b91a378acfd80ca9e47bf1c000
    :git: https://github.com/ZupIT/YogaKit

SPEC CHECKSUMS:
  Beagle: 68b7583ec5ba63d8000f87afc32247d61019adbd
  BeagleDefaults: 209b6cdccc721584ffbb4c6018a57dfaa907e4ef
  BeagleScaffold: c920138318613f4f02b5704265e75dd36d177608
  BeagleSchema: cc5463afa843ac07caaddb875d82c97a7d8a0153
  Yoga: cff67a400f6b74dc38eb0bad4f156673d9aa980c
  YogaKit: 3a733275fd1639b96a304f6f5c11421478371e6b

PODFILE CHECKSUM: 9db0d89624ff4cc576bef9e9f59d008a32baca5b

COCOAPODS: 1.10.0
