// !$*UTF8*$!
{
	archiveVersion = 1;
	classes = {
	};
	objectVersion = 51;
	objects = {

/* Begin PBXBuildFile section */
		143B8058B6099A07FF10AF85 /* Pods_SampleGRPCTests.framework in Frameworks */ = {isa = PBXBuildFile; fileRef = F17D1275350DBDA5DBEBBEFE /* Pods_SampleGRPCTests.framework */; };
		A0393546261F91EE00CAAB0B /* ViewNodeTests.swift in Sources */ = {isa = PBXBuildFile; fileRef = A0393545261F91EE00CAAB0B /* ViewNodeTests.swift */; };
		A0F5A0FF260D0D18005BE7CF /* AppDelegate.swift in Sources */ = {isa = PBXBuildFile; fileRef = A0F5A0FE260D0D18005BE7CF /* AppDelegate.swift */; };
		A0F5A116260D0D1D005BE7CF /* NetworkClientGRPCTests.swift in Sources */ = {isa = PBXBuildFile; fileRef = A0F5A115260D0D1D005BE7CF /* NetworkClientGRPCTests.swift */; };
		A0F5A14D260D1E8D005BE7CF /* LaunchScreen.storyboard in Resources */ = {isa = PBXBuildFile; fileRef = A0F5A14C260D1E8D005BE7CF /* LaunchScreen.storyboard */; };
		AF46A2C930C6C131377F81FC /* Pods_SampleGRPC.framework in Frameworks */ = {isa = PBXBuildFile; fileRef = 068192F833A3B927E5CDA0B9 /* Pods_SampleGRPC.framework */; };
/* End PBXBuildFile section */

/* Begin PBXContainerItemProxy section */
		A0F5A112260D0D1D005BE7CF /* PBXContainerItemProxy */ = {
			isa = PBXContainerItemProxy;
			containerPortal = A0F5A0F3260D0D18005BE7CF /* Project object */;
			proxyType = 1;
			remoteGlobalIDString = A0F5A0FA260D0D18005BE7CF;
			remoteInfo = SampleGRPC;
		};
/* End PBXContainerItemProxy section */

/* Begin PBXFileReference section */
		068192F833A3B927E5CDA0B9 /* Pods_SampleGRPC.framework */ = {isa = PBXFileReference; explicitFileType = wrapper.framework; includeInIndex = 0; path = Pods_SampleGRPC.framework; sourceTree = BUILT_PRODUCTS_DIR; };
		33DEE8DCABA5DDFF7FD1B4CC /* Pods-SampleGRPCTests.debug.xcconfig */ = {isa = PBXFileReference; includeInIndex = 1; lastKnownFileType = text.xcconfig; name = "Pods-SampleGRPCTests.debug.xcconfig"; path = "Target Support Files/Pods-SampleGRPCTests/Pods-SampleGRPCTests.debug.xcconfig"; sourceTree = "<group>"; };
		5235CD8B3031E9BE2C5643A2 /* Pods-SampleGRPC.release.xcconfig */ = {isa = PBXFileReference; includeInIndex = 1; lastKnownFileType = text.xcconfig; name = "Pods-SampleGRPC.release.xcconfig"; path = "Target Support Files/Pods-SampleGRPC/Pods-SampleGRPC.release.xcconfig"; sourceTree = "<group>"; };
		757F89D556FEC5F89CC1B33A /* Pods-SampleGRPCTests.release.xcconfig */ = {isa = PBXFileReference; includeInIndex = 1; lastKnownFileType = text.xcconfig; name = "Pods-SampleGRPCTests.release.xcconfig"; path = "Target Support Files/Pods-SampleGRPCTests/Pods-SampleGRPCTests.release.xcconfig"; sourceTree = "<group>"; };
		A0393545261F91EE00CAAB0B /* ViewNodeTests.swift */ = {isa = PBXFileReference; lastKnownFileType = sourcecode.swift; path = ViewNodeTests.swift; sourceTree = "<group>"; };
		A0F5A0FB260D0D18005BE7CF /* SampleGRPC.app */ = {isa = PBXFileReference; explicitFileType = wrapper.application; includeInIndex = 0; path = SampleGRPC.app; sourceTree = BUILT_PRODUCTS_DIR; };
		A0F5A0FE260D0D18005BE7CF /* AppDelegate.swift */ = {isa = PBXFileReference; lastKnownFileType = sourcecode.swift; path = AppDelegate.swift; sourceTree = "<group>"; };
		A0F5A10C260D0D1D005BE7CF /* Info.plist */ = {isa = PBXFileReference; lastKnownFileType = text.plist.xml; path = Info.plist; sourceTree = "<group>"; };
		A0F5A111260D0D1D005BE7CF /* SampleGRPCTests.xctest */ = {isa = PBXFileReference; explicitFileType = wrapper.cfbundle; includeInIndex = 0; path = SampleGRPCTests.xctest; sourceTree = BUILT_PRODUCTS_DIR; };
		A0F5A115260D0D1D005BE7CF /* NetworkClientGRPCTests.swift */ = {isa = PBXFileReference; lastKnownFileType = sourcecode.swift; path = NetworkClientGRPCTests.swift; sourceTree = "<group>"; };
		A0F5A117260D0D1D005BE7CF /* Info.plist */ = {isa = PBXFileReference; lastKnownFileType = text.plist.xml; path = Info.plist; sourceTree = "<group>"; };
		A0F5A14C260D1E8D005BE7CF /* LaunchScreen.storyboard */ = {isa = PBXFileReference; fileEncoding = 4; lastKnownFileType = file.storyboard; path = LaunchScreen.storyboard; sourceTree = "<group>"; };
		BEBD10973668E489A700D57E /* Pods-SampleGRPC.debug.xcconfig */ = {isa = PBXFileReference; includeInIndex = 1; lastKnownFileType = text.xcconfig; name = "Pods-SampleGRPC.debug.xcconfig"; path = "Target Support Files/Pods-SampleGRPC/Pods-SampleGRPC.debug.xcconfig"; sourceTree = "<group>"; };
		F17D1275350DBDA5DBEBBEFE /* Pods_SampleGRPCTests.framework */ = {isa = PBXFileReference; explicitFileType = wrapper.framework; includeInIndex = 0; path = Pods_SampleGRPCTests.framework; sourceTree = BUILT_PRODUCTS_DIR; };
/* End PBXFileReference section */

/* Begin PBXFrameworksBuildPhase section */
		A0F5A0F8260D0D18005BE7CF /* Frameworks */ = {
			isa = PBXFrameworksBuildPhase;
			buildActionMask = 2147483647;
			files = (
				AF46A2C930C6C131377F81FC /* Pods_SampleGRPC.framework in Frameworks */,
			);
			runOnlyForDeploymentPostprocessing = 0;
		};
		A0F5A10E260D0D1D005BE7CF /* Frameworks */ = {
			isa = PBXFrameworksBuildPhase;
			buildActionMask = 2147483647;
			files = (
				143B8058B6099A07FF10AF85 /* Pods_SampleGRPCTests.framework in Frameworks */,
			);
			runOnlyForDeploymentPostprocessing = 0;
		};
/* End PBXFrameworksBuildPhase section */

/* Begin PBXGroup section */
		171B5552461606E03826BDB5 /* Pods */ = {
			isa = PBXGroup;
			children = (
				BEBD10973668E489A700D57E /* Pods-SampleGRPC.debug.xcconfig */,
				5235CD8B3031E9BE2C5643A2 /* Pods-SampleGRPC.release.xcconfig */,
				33DEE8DCABA5DDFF7FD1B4CC /* Pods-SampleGRPCTests.debug.xcconfig */,
				757F89D556FEC5F89CC1B33A /* Pods-SampleGRPCTests.release.xcconfig */,
			);
			name = Pods;
			path = ../Pods;
			sourceTree = "<group>";
		};
		7647953EAE049D747932EB44 /* Frameworks */ = {
			isa = PBXGroup;
			children = (
				068192F833A3B927E5CDA0B9 /* Pods_SampleGRPC.framework */,
				F17D1275350DBDA5DBEBBEFE /* Pods_SampleGRPCTests.framework */,
			);
			name = Frameworks;
			sourceTree = "<group>";
		};
		A0F5A0F2260D0D18005BE7CF = {
			isa = PBXGroup;
			children = (
				A0F5A10C260D0D1D005BE7CF /* Info.plist */,
				A0F5A0FE260D0D18005BE7CF /* AppDelegate.swift */,
				A0F5A14C260D1E8D005BE7CF /* LaunchScreen.storyboard */,
				A0F5A142260D110E005BE7CF /* Tests */,
				A0F5A0FC260D0D18005BE7CF /* Products */,
				171B5552461606E03826BDB5 /* Pods */,
				7647953EAE049D747932EB44 /* Frameworks */,
			);
			sourceTree = "<group>";
		};
		A0F5A0FC260D0D18005BE7CF /* Products */ = {
			isa = PBXGroup;
			children = (
				A0F5A0FB260D0D18005BE7CF /* SampleGRPC.app */,
				A0F5A111260D0D1D005BE7CF /* SampleGRPCTests.xctest */,
			);
			name = Products;
			sourceTree = "<group>";
		};
		A0F5A142260D110E005BE7CF /* Tests */ = {
			isa = PBXGroup;
			children = (
				A0F5A117260D0D1D005BE7CF /* Info.plist */,
				A0F5A115260D0D1D005BE7CF /* NetworkClientGRPCTests.swift */,
				A0393545261F91EE00CAAB0B /* ViewNodeTests.swift */,
			);
			path = Tests;
			sourceTree = "<group>";
		};
/* End PBXGroup section */

/* Begin PBXNativeTarget section */
		A0F5A0FA260D0D18005BE7CF /* SampleGRPC */ = {
			isa = PBXNativeTarget;
			buildConfigurationList = A0F5A125260D0D1D005BE7CF /* Build configuration list for PBXNativeTarget "SampleGRPC" */;
			buildPhases = (
				E2F5C01E7E2154DBC889C67F /* [CP] Check Pods Manifest.lock */,
				A0F5A0F7260D0D18005BE7CF /* Sources */,
				A0F5A0F8260D0D18005BE7CF /* Frameworks */,
				A0F5A0F9260D0D18005BE7CF /* Resources */,
				555E0C899F3F4B868AF14616 /* [CP] Embed Pods Frameworks */,
			);
			buildRules = (
			);
			dependencies = (
			);
			name = SampleGRPC;
			productName = SampleGRPC;
			productReference = A0F5A0FB260D0D18005BE7CF /* SampleGRPC.app */;
			productType = "com.apple.product-type.application";
		};
		A0F5A110260D0D1D005BE7CF /* SampleGRPCTests */ = {
			isa = PBXNativeTarget;
			buildConfigurationList = A0F5A128260D0D1D005BE7CF /* Build configuration list for PBXNativeTarget "SampleGRPCTests" */;
			buildPhases = (
				4B62AF9190A5C4D990295214 /* [CP] Check Pods Manifest.lock */,
				A0F5A10D260D0D1D005BE7CF /* Sources */,
				A0F5A10E260D0D1D005BE7CF /* Frameworks */,
				A0F5A10F260D0D1D005BE7CF /* Resources */,
			);
			buildRules = (
			);
			dependencies = (
				A0F5A113260D0D1D005BE7CF /* PBXTargetDependency */,
			);
			name = SampleGRPCTests;
			productName = SampleGRPCTests;
			productReference = A0F5A111260D0D1D005BE7CF /* SampleGRPCTests.xctest */;
			productType = "com.apple.product-type.bundle.unit-test";
		};
/* End PBXNativeTarget section */

/* Begin PBXProject section */
		A0F5A0F3260D0D18005BE7CF /* Project object */ = {
			isa = PBXProject;
			attributes = {
				LastSwiftUpdateCheck = 1240;
				LastUpgradeCheck = 1240;
				TargetAttributes = {
					A0F5A0FA260D0D18005BE7CF = {
						CreatedOnToolsVersion = 12.4;
					};
					A0F5A110260D0D1D005BE7CF = {
						CreatedOnToolsVersion = 12.4;
						TestTargetID = A0F5A0FA260D0D18005BE7CF;
					};
				};
			};
			buildConfigurationList = A0F5A0F6260D0D18005BE7CF /* Build configuration list for PBXProject "SampleGRPC" */;
			compatibilityVersion = "Xcode 9.3";
			developmentRegion = en;
			hasScannedForEncodings = 0;
			knownRegions = (
				en,
				Base,
			);
			mainGroup = A0F5A0F2260D0D18005BE7CF;
			productRefGroup = A0F5A0FC260D0D18005BE7CF /* Products */;
			projectDirPath = "";
			projectRoot = "";
			targets = (
				A0F5A0FA260D0D18005BE7CF /* SampleGRPC */,
				A0F5A110260D0D1D005BE7CF /* SampleGRPCTests */,
			);
		};
/* End PBXProject section */

/* Begin PBXResourcesBuildPhase section */
		A0F5A0F9260D0D18005BE7CF /* Resources */ = {
			isa = PBXResourcesBuildPhase;
			buildActionMask = 2147483647;
			files = (
				A0F5A14D260D1E8D005BE7CF /* LaunchScreen.storyboard in Resources */,
			);
			runOnlyForDeploymentPostprocessing = 0;
		};
		A0F5A10F260D0D1D005BE7CF /* Resources */ = {
			isa = PBXResourcesBuildPhase;
			buildActionMask = 2147483647;
			files = (
			);
			runOnlyForDeploymentPostprocessing = 0;
		};
/* End PBXResourcesBuildPhase section */

/* Begin PBXShellScriptBuildPhase section */
		4B62AF9190A5C4D990295214 /* [CP] Check Pods Manifest.lock */ = {
			isa = PBXShellScriptBuildPhase;
			buildActionMask = 2147483647;
			files = (
			);
			inputFileListPaths = (
			);
			inputPaths = (
				"${PODS_PODFILE_DIR_PATH}/Podfile.lock",
				"${PODS_ROOT}/Manifest.lock",
			);
			name = "[CP] Check Pods Manifest.lock";
			outputFileListPaths = (
			);
			outputPaths = (
				"$(DERIVED_FILE_DIR)/Pods-SampleGRPCTests-checkManifestLockResult.txt",
			);
			runOnlyForDeploymentPostprocessing = 0;
			shellPath = /bin/sh;
			shellScript = "diff \"${PODS_PODFILE_DIR_PATH}/Podfile.lock\" \"${PODS_ROOT}/Manifest.lock\" > /dev/null\nif [ $? != 0 ] ; then\n    # print error to STDERR\n    echo \"error: The sandbox is not in sync with the Podfile.lock. Run 'pod install' or update your CocoaPods installation.\" >&2\n    exit 1\nfi\n# This output is used by Xcode 'outputs' to avoid re-running this script phase.\necho \"SUCCESS\" > \"${SCRIPT_OUTPUT_FILE_0}\"\n";
			showEnvVarsInLog = 0;
		};
		555E0C899F3F4B868AF14616 /* [CP] Embed Pods Frameworks */ = {
			isa = PBXShellScriptBuildPhase;
			buildActionMask = 2147483647;
			files = (
			);
			inputFileListPaths = (
				"${PODS_ROOT}/Target Support Files/Pods-SampleGRPC/Pods-SampleGRPC-frameworks-${CONFIGURATION}-input-files.xcfilelist",
			);
			name = "[CP] Embed Pods Frameworks";
			outputFileListPaths = (
				"${PODS_ROOT}/Target Support Files/Pods-SampleGRPC/Pods-SampleGRPC-frameworks-${CONFIGURATION}-output-files.xcfilelist",
			);
			runOnlyForDeploymentPostprocessing = 0;
			shellPath = /bin/sh;
			shellScript = "\"${PODS_ROOT}/Target Support Files/Pods-SampleGRPC/Pods-SampleGRPC-frameworks.sh\"\n";
			showEnvVarsInLog = 0;
		};
		E2F5C01E7E2154DBC889C67F /* [CP] Check Pods Manifest.lock */ = {
			isa = PBXShellScriptBuildPhase;
			buildActionMask = 2147483647;
			files = (
			);
			inputFileListPaths = (
			);
			inputPaths = (
				"${PODS_PODFILE_DIR_PATH}/Podfile.lock",
				"${PODS_ROOT}/Manifest.lock",
			);
			name = "[CP] Check Pods Manifest.lock";
			outputFileListPaths = (
			);
			outputPaths = (
				"$(DERIVED_FILE_DIR)/Pods-SampleGRPC-checkManifestLockResult.txt",
			);
			runOnlyForDeploymentPostprocessing = 0;
			shellPath = /bin/sh;
			shellScript = "diff \"${PODS_PODFILE_DIR_PATH}/Podfile.lock\" \"${PODS_ROOT}/Manifest.lock\" > /dev/null\nif [ $? != 0 ] ; then\n    # print error to STDERR\n    echo \"error: The sandbox is not in sync with the Podfile.lock. Run 'pod install' or update your CocoaPods installation.\" >&2\n    exit 1\nfi\n# This output is used by Xcode 'outputs' to avoid re-running this script phase.\necho \"SUCCESS\" > \"${SCRIPT_OUTPUT_FILE_0}\"\n";
			showEnvVarsInLog = 0;
		};
/* End PBXShellScriptBuildPhase section */

/* Begin PBXSourcesBuildPhase section */
		A0F5A0F7260D0D18005BE7CF /* Sources */ = {
			isa = PBXSourcesBuildPhase;
			buildActionMask = 2147483647;
			files = (
				A0F5A0FF260D0D18005BE7CF /* AppDelegate.swift in Sources */,
			);
			runOnlyForDeploymentPostprocessing = 0;
		};
		A0F5A10D260D0D1D005BE7CF /* Sources */ = {
			isa = PBXSourcesBuildPhase;
			buildActionMask = 2147483647;
			files = (
				A0393546261F91EE00CAAB0B /* ViewNodeTests.swift in Sources */,
				A0F5A116260D0D1D005BE7CF /* NetworkClientGRPCTests.swift in Sources */,
			);
			runOnlyForDeploymentPostprocessing = 0;
		};
/* End PBXSourcesBuildPhase section */

/* Begin PBXTargetDependency section */
		A0F5A113260D0D1D005BE7CF /* PBXTargetDependency */ = {
			isa = PBXTargetDependency;
			target = A0F5A0FA260D0D18005BE7CF /* SampleGRPC */;
			targetProxy = A0F5A112260D0D1D005BE7CF /* PBXContainerItemProxy */;
		};
/* End PBXTargetDependency section */

/* Begin XCBuildConfiguration section */
		A0F5A123260D0D1D005BE7CF /* Debug */ = {
			isa = XCBuildConfiguration;
			buildSettings = {
				ALWAYS_SEARCH_USER_PATHS = NO;
				CLANG_ANALYZER_NONNULL = YES;
				CLANG_ANALYZER_NUMBER_OBJECT_CONVERSION = YES_AGGRESSIVE;
				CLANG_CXX_LANGUAGE_STANDARD = "gnu++14";
				CLANG_CXX_LIBRARY = "libc++";
				CLANG_ENABLE_MODULES = YES;
				CLANG_ENABLE_OBJC_ARC = YES;
				CLANG_ENABLE_OBJC_WEAK = YES;
				CLANG_WARN_BLOCK_CAPTURE_AUTORELEASING = YES;
				CLANG_WARN_BOOL_CONVERSION = YES;
				CLANG_WARN_COMMA = YES;
				CLANG_WARN_CONSTANT_CONVERSION = YES;
				CLANG_WARN_DEPRECATED_OBJC_IMPLEMENTATIONS = YES;
				CLANG_WARN_DIRECT_OBJC_ISA_USAGE = YES_ERROR;
				CLANG_WARN_DOCUMENTATION_COMMENTS = YES;
				CLANG_WARN_EMPTY_BODY = YES;
				CLANG_WARN_ENUM_CONVERSION = YES;
				CLANG_WARN_INFINITE_RECURSION = YES;
				CLANG_WARN_INT_CONVERSION = YES;
				CLANG_WARN_NON_LITERAL_NULL_CONVERSION = YES;
				CLANG_WARN_OBJC_IMPLICIT_RETAIN_SELF = YES;
				CLANG_WARN_OBJC_LITERAL_CONVERSION = YES;
				CLANG_WARN_OBJC_ROOT_CLASS = YES_ERROR;
				CLANG_WARN_QUOTED_INCLUDE_IN_FRAMEWORK_HEADER = YES;
				CLANG_WARN_RANGE_LOOP_ANALYSIS = YES;
				CLANG_WARN_STRICT_PROTOTYPES = YES;
				CLANG_WARN_SUSPICIOUS_MOVE = YES;
				CLANG_WARN_UNGUARDED_AVAILABILITY = YES_AGGRESSIVE;
				CLANG_WARN_UNREACHABLE_CODE = YES;
				CLANG_WARN__DUPLICATE_METHOD_MATCH = YES;
				COPY_PHASE_STRIP = NO;
				DEBUG_INFORMATION_FORMAT = dwarf;
				ENABLE_STRICT_OBJC_MSGSEND = YES;
				ENABLE_TESTABILITY = YES;
				GCC_C_LANGUAGE_STANDARD = gnu11;
				GCC_DYNAMIC_NO_PIC = NO;
				GCC_NO_COMMON_BLOCKS = YES;
				GCC_OPTIMIZATION_LEVEL = 0;
				GCC_PREPROCESSOR_DEFINITIONS = (
					"DEBUG=1",
					"$(inherited)",
				);
				GCC_WARN_64_TO_32_BIT_CONVERSION = YES;
				GCC_WARN_ABOUT_RETURN_TYPE = YES_ERROR;
				GCC_WARN_UNDECLARED_SELECTOR = YES;
				GCC_WARN_UNINITIALIZED_AUTOS = YES_AGGRESSIVE;
				GCC_WARN_UNUSED_FUNCTION = YES;
				GCC_WARN_UNUSED_VARIABLE = YES;
				IPHONEOS_DEPLOYMENT_TARGET = 10.0;
				MTL_ENABLE_DEBUG_INFO = INCLUDE_SOURCE;
				MTL_FAST_MATH = YES;
				ONLY_ACTIVE_ARCH = YES;
				SDKROOT = iphoneos;
				SWIFT_ACTIVE_COMPILATION_CONDITIONS = DEBUG;
				SWIFT_OPTIMIZATION_LEVEL = "-Onone";
			};
			name = Debug;
		};
		A0F5A124260D0D1D005BE7CF /* Release */ = {
			isa = XCBuildConfiguration;
			buildSettings = {
				ALWAYS_SEARCH_USER_PATHS = NO;
				CLANG_ANALYZER_NONNULL = YES;
				CLANG_ANALYZER_NUMBER_OBJECT_CONVERSION = YES_AGGRESSIVE;
				CLANG_CXX_LANGUAGE_STANDARD = "gnu++14";
				CLANG_CXX_LIBRARY = "libc++";
				CLANG_ENABLE_MODULES = YES;
				CLANG_ENABLE_OBJC_ARC = YES;
				CLANG_ENABLE_OBJC_WEAK = YES;
				CLANG_WARN_BLOCK_CAPTURE_AUTORELEASING = YES;
				CLANG_WARN_BOOL_CONVERSION = YES;
				CLANG_WARN_COMMA = YES;
				CLANG_WARN_CONSTANT_CONVERSION = YES;
				CLANG_WARN_DEPRECATED_OBJC_IMPLEMENTATIONS = YES;
				CLANG_WARN_DIRECT_OBJC_ISA_USAGE = YES_ERROR;
				CLANG_WARN_DOCUMENTATION_COMMENTS = YES;
				CLANG_WARN_EMPTY_BODY = YES;
				CLANG_WARN_ENUM_CONVERSION = YES;
				CLANG_WARN_INFINITE_RECURSION = YES;
				CLANG_WARN_INT_CONVERSION = YES;
				CLANG_WARN_NON_LITERAL_NULL_CONVERSION = YES;
				CLANG_WARN_OBJC_IMPLICIT_RETAIN_SELF = YES;
				CLANG_WARN_OBJC_LITERAL_CONVERSION = YES;
				CLANG_WARN_OBJC_ROOT_CLASS = YES_ERROR;
				CLANG_WARN_QUOTED_INCLUDE_IN_FRAMEWORK_HEADER = YES;
				CLANG_WARN_RANGE_LOOP_ANALYSIS = YES;
				CLANG_WARN_STRICT_PROTOTYPES = YES;
				CLANG_WARN_SUSPICIOUS_MOVE = YES;
				CLANG_WARN_UNGUARDED_AVAILABILITY = YES_AGGRESSIVE;
				CLANG_WARN_UNREACHABLE_CODE = YES;
				CLANG_WARN__DUPLICATE_METHOD_MATCH = YES;
				COPY_PHASE_STRIP = NO;
				DEBUG_INFORMATION_FORMAT = "dwarf-with-dsym";
				ENABLE_NS_ASSERTIONS = NO;
				ENABLE_STRICT_OBJC_MSGSEND = YES;
				GCC_C_LANGUAGE_STANDARD = gnu11;
				GCC_NO_COMMON_BLOCKS = YES;
				GCC_WARN_64_TO_32_BIT_CONVERSION = YES;
				GCC_WARN_ABOUT_RETURN_TYPE = YES_ERROR;
				GCC_WARN_UNDECLARED_SELECTOR = YES;
				GCC_WARN_UNINITIALIZED_AUTOS = YES_AGGRESSIVE;
				GCC_WARN_UNUSED_FUNCTION = YES;
				GCC_WARN_UNUSED_VARIABLE = YES;
				IPHONEOS_DEPLOYMENT_TARGET = 10.0;
				MTL_ENABLE_DEBUG_INFO = NO;
				MTL_FAST_MATH = YES;
				SDKROOT = iphoneos;
				SWIFT_COMPILATION_MODE = wholemodule;
				SWIFT_OPTIMIZATION_LEVEL = "-O";
				VALIDATE_PRODUCT = YES;
			};
			name = Release;
		};
		A0F5A126260D0D1D005BE7CF /* Debug */ = {
			isa = XCBuildConfiguration;
			baseConfigurationReference = BEBD10973668E489A700D57E /* Pods-SampleGRPC.debug.xcconfig */;
			buildSettings = {
				ASSETCATALOG_COMPILER_GLOBAL_ACCENT_COLOR_NAME = AccentColor;
				CODE_SIGN_STYLE = Automatic;
				INFOPLIST_FILE = "$(SRCROOT)/Info.plist";
				LD_RUNPATH_SEARCH_PATHS = (
					"$(inherited)",
					"@executable_path/Frameworks",
				);
				PRODUCT_BUNDLE_IDENTIFIER = br.com.zup.beagle.SampleGRPC;
				PRODUCT_NAME = "$(TARGET_NAME)";
				SWIFT_VERSION = 5.0;
				TARGETED_DEVICE_FAMILY = 1;
			};
			name = Debug;
		};
		A0F5A127260D0D1D005BE7CF /* Release */ = {
			isa = XCBuildConfiguration;
			baseConfigurationReference = 5235CD8B3031E9BE2C5643A2 /* Pods-SampleGRPC.release.xcconfig */;
			buildSettings = {
				ASSETCATALOG_COMPILER_GLOBAL_ACCENT_COLOR_NAME = AccentColor;
				CODE_SIGN_STYLE = Automatic;
				INFOPLIST_FILE = "$(SRCROOT)/Info.plist";
				LD_RUNPATH_SEARCH_PATHS = (
					"$(inherited)",
					"@executable_path/Frameworks",
				);
				PRODUCT_BUNDLE_IDENTIFIER = br.com.zup.beagle.SampleGRPC;
				PRODUCT_NAME = "$(TARGET_NAME)";
				SWIFT_VERSION = 5.0;
				TARGETED_DEVICE_FAMILY = 1;
			};
			name = Release;
		};
		A0F5A129260D0D1D005BE7CF /* Debug */ = {
			isa = XCBuildConfiguration;
			baseConfigurationReference = 33DEE8DCABA5DDFF7FD1B4CC /* Pods-SampleGRPCTests.debug.xcconfig */;
			buildSettings = {
				ALWAYS_EMBED_SWIFT_STANDARD_LIBRARIES = YES;
				BUNDLE_LOADER = "$(TEST_HOST)";
				CODE_SIGN_STYLE = Automatic;
				INFOPLIST_FILE = Tests/Info.plist;
				IPHONEOS_DEPLOYMENT_TARGET = 14.4;
				LD_RUNPATH_SEARCH_PATHS = (
					"$(inherited)",
					"@executable_path/Frameworks",
					"@loader_path/Frameworks",
				);
				PRODUCT_BUNDLE_IDENTIFIER = br.com.zup.beagle.SampleGRPCTests;
				PRODUCT_NAME = "$(TARGET_NAME)";
				SWIFT_VERSION = 5.0;
				TARGETED_DEVICE_FAMILY = "1,2";
				TEST_HOST = "$(BUILT_PRODUCTS_DIR)/SampleGRPC.app/SampleGRPC";
			};
			name = Debug;
		};
		A0F5A12A260D0D1D005BE7CF /* Release */ = {
			isa = XCBuildConfiguration;
			baseConfigurationReference = 757F89D556FEC5F89CC1B33A /* Pods-SampleGRPCTests.release.xcconfig */;
			buildSettings = {
				ALWAYS_EMBED_SWIFT_STANDARD_LIBRARIES = YES;
				BUNDLE_LOADER = "$(TEST_HOST)";
				CODE_SIGN_STYLE = Automatic;
				INFOPLIST_FILE = Tests/Info.plist;
				IPHONEOS_DEPLOYMENT_TARGET = 14.4;
				LD_RUNPATH_SEARCH_PATHS = (
					"$(inherited)",
					"@executable_path/Frameworks",
					"@loader_path/Frameworks",
				);
				PRODUCT_BUNDLE_IDENTIFIER = br.com.zup.beagle.SampleGRPCTests;
				PRODUCT_NAME = "$(TARGET_NAME)";
				SWIFT_VERSION = 5.0;
				TARGETED_DEVICE_FAMILY = "1,2";
				TEST_HOST = "$(BUILT_PRODUCTS_DIR)/SampleGRPC.app/SampleGRPC";
			};
			name = Release;
		};
/* End XCBuildConfiguration section */

/* Begin XCConfigurationList section */
		A0F5A0F6260D0D18005BE7CF /* Build configuration list for PBXProject "SampleGRPC" */ = {
			isa = XCConfigurationList;
			buildConfigurations = (
				A0F5A123260D0D1D005BE7CF /* Debug */,
				A0F5A124260D0D1D005BE7CF /* Release */,
			);
			defaultConfigurationIsVisible = 0;
			defaultConfigurationName = Release;
		};
		A0F5A125260D0D1D005BE7CF /* Build configuration list for PBXNativeTarget "SampleGRPC" */ = {
			isa = XCConfigurationList;
			buildConfigurations = (
				A0F5A126260D0D1D005BE7CF /* Debug */,
				A0F5A127260D0D1D005BE7CF /* Release */,
			);
			defaultConfigurationIsVisible = 0;
			defaultConfigurationName = Release;
		};
		A0F5A128260D0D1D005BE7CF /* Build configuration list for PBXNativeTarget "SampleGRPCTests" */ = {
			isa = XCConfigurationList;
			buildConfigurations = (
				A0F5A129260D0D1D005BE7CF /* Debug */,
				A0F5A12A260D0D1D005BE7CF /* Release */,
			);
			defaultConfigurationIsVisible = 0;
			defaultConfigurationName = Release;
		};
/* End XCConfigurationList section */
	};
	rootObject = A0F5A0F3260D0D18005BE7CF /* Project object */;
}
