// !$*UTF8*$!
{
	archiveVersion = 1;
	classes = {
	};
	objectVersion = 52;
	objects = {

/* Begin PBXBuildFile section */
		252A130C258BD69B00EE5E80 /* BeagleConfig.swift in Sources */ = {isa = PBXBuildFile; fileRef = 252A12ED258BD69B00EE5E80 /* BeagleConfig.swift */; };
		252A132C258BDDDA00EE5E80 /* BeagleScaffoldTests.swift in Sources */ = {isa = PBXBuildFile; fileRef = 252A132B258BDDDA00EE5E80 /* BeagleScaffoldTests.swift */; };
		252A132E258BDDDA00EE5E80 /* BeagleScaffold.framework in Frameworks */ = {isa = PBXBuildFile; fileRef = AF590BC8258A741200AE70E5 /* BeagleScaffold.framework */; };
		25BA5AA2258A9D2600588331 /* BeagleScaffold.h in Headers */ = {isa = PBXBuildFile; fileRef = 25BA5AA0258A9D2600588331 /* BeagleScaffold.h */; settings = {ATTRIBUTES = (Public, ); }; };
		9381178D27D63BE60098BFE4 /* BeagleDefaults.framework in Frameworks */ = {isa = PBXBuildFile; fileRef = 9381178C27D63BE60098BFE4 /* BeagleDefaults.framework */; };
		9381178E27D63BE60098BFE4 /* BeagleDefaults.framework in Embed Frameworks */ = {isa = PBXBuildFile; fileRef = 9381178C27D63BE60098BFE4 /* BeagleDefaults.framework */; settings = {ATTRIBUTES = (CodeSignOnCopy, RemoveHeadersOnCopy, ); }; };
		AF991BAE259A27A400AD1238 /* BeagleScaffoldDemoViewController.swift in Sources */ = {isa = PBXBuildFile; fileRef = AF991BAD259A27A400AD1238 /* BeagleScaffoldDemoViewController.swift */; };
		AFD1F98625AF83DD0007E266 /* BeagleConfigTests.swift in Sources */ = {isa = PBXBuildFile; fileRef = AFD1F8F725ADDBF50007E266 /* BeagleConfigTests.swift */; };
		AFD1F98925AF83EA0007E266 /* BeagleScaffoldDemoViewControllerTests.swift in Sources */ = {isa = PBXBuildFile; fileRef = AFD1F94C25AF583B0007E266 /* BeagleScaffoldDemoViewControllerTests.swift */; };
/* End PBXBuildFile section */

/* Begin PBXContainerItemProxy section */
		252A132F258BDDDA00EE5E80 /* PBXContainerItemProxy */ = {
			isa = PBXContainerItemProxy;
			containerPortal = AF590BBF258A741200AE70E5 /* Project object */;
			proxyType = 1;
			remoteGlobalIDString = AF590BC7258A741200AE70E5;
			remoteInfo = BeagleScaffold;
		};
/* End PBXContainerItemProxy section */

/* Begin PBXCopyFilesBuildPhase section */
		9381178F27D63BE60098BFE4 /* Embed Frameworks */ = {
			isa = PBXCopyFilesBuildPhase;
			buildActionMask = 2147483647;
			dstPath = "";
			dstSubfolderSpec = 10;
			files = (
				9381178E27D63BE60098BFE4 /* BeagleDefaults.framework in Embed Frameworks */,
			);
			name = "Embed Frameworks";
			runOnlyForDeploymentPostprocessing = 0;
		};
/* End PBXCopyFilesBuildPhase section */

/* Begin PBXFileReference section */
		252A12ED258BD69B00EE5E80 /* BeagleConfig.swift */ = {isa = PBXFileReference; fileEncoding = 4; lastKnownFileType = sourcecode.swift; path = BeagleConfig.swift; sourceTree = "<group>"; };
		252A1329258BDDDA00EE5E80 /* BeagleScaffoldTests.xctest */ = {isa = PBXFileReference; explicitFileType = wrapper.cfbundle; includeInIndex = 0; path = BeagleScaffoldTests.xctest; sourceTree = BUILT_PRODUCTS_DIR; };
		252A132B258BDDDA00EE5E80 /* BeagleScaffoldTests.swift */ = {isa = PBXFileReference; lastKnownFileType = sourcecode.swift; path = BeagleScaffoldTests.swift; sourceTree = "<group>"; };
		252A132D258BDDDA00EE5E80 /* Info.plist */ = {isa = PBXFileReference; lastKnownFileType = text.plist.xml; path = Info.plist; sourceTree = "<group>"; };
		25BA5AA0258A9D2600588331 /* BeagleScaffold.h */ = {isa = PBXFileReference; fileEncoding = 4; lastKnownFileType = sourcecode.c.h; path = BeagleScaffold.h; sourceTree = "<group>"; };
		25BA5AA1258A9D2600588331 /* Info.plist */ = {isa = PBXFileReference; fileEncoding = 4; lastKnownFileType = text.plist.xml; path = Info.plist; sourceTree = "<group>"; };
		9381178827D2A87C0098BFE4 /* BeagleDefaults.framework */ = {isa = PBXFileReference; explicitFileType = wrapper.framework; path = BeagleDefaults.framework; sourceTree = BUILT_PRODUCTS_DIR; };
		9381178C27D63BE60098BFE4 /* BeagleDefaults.framework */ = {isa = PBXFileReference; explicitFileType = wrapper.framework; path = BeagleDefaults.framework; sourceTree = BUILT_PRODUCTS_DIR; };
		AF590BC8258A741200AE70E5 /* BeagleScaffold.framework */ = {isa = PBXFileReference; explicitFileType = wrapper.framework; includeInIndex = 0; path = BeagleScaffold.framework; sourceTree = BUILT_PRODUCTS_DIR; };
		AF991BAD259A27A400AD1238 /* BeagleScaffoldDemoViewController.swift */ = {isa = PBXFileReference; lastKnownFileType = sourcecode.swift; path = BeagleScaffoldDemoViewController.swift; sourceTree = "<group>"; };
		AFD1F8F725ADDBF50007E266 /* BeagleConfigTests.swift */ = {isa = PBXFileReference; lastKnownFileType = sourcecode.swift; path = BeagleConfigTests.swift; sourceTree = "<group>"; };
		AFD1F90125ADF1520007E266 /* BeagleDefaults.framework */ = {isa = PBXFileReference; explicitFileType = wrapper.framework; path = BeagleDefaults.framework; sourceTree = BUILT_PRODUCTS_DIR; };
		AFD1F94C25AF583B0007E266 /* BeagleScaffoldDemoViewControllerTests.swift */ = {isa = PBXFileReference; lastKnownFileType = sourcecode.swift; path = BeagleScaffoldDemoViewControllerTests.swift; sourceTree = "<group>"; };
/* End PBXFileReference section */

/* Begin PBXFrameworksBuildPhase section */
		252A1326258BDDDA00EE5E80 /* Frameworks */ = {
			isa = PBXFrameworksBuildPhase;
			buildActionMask = 2147483647;
			files = (
				252A132E258BDDDA00EE5E80 /* BeagleScaffold.framework in Frameworks */,
			);
			runOnlyForDeploymentPostprocessing = 0;
		};
		AF590BC5258A741200AE70E5 /* Frameworks */ = {
			isa = PBXFrameworksBuildPhase;
			buildActionMask = 2147483647;
			files = (
				9381178D27D63BE60098BFE4 /* BeagleDefaults.framework in Frameworks */,
			);
			runOnlyForDeploymentPostprocessing = 0;
		};
/* End PBXFrameworksBuildPhase section */

/* Begin PBXGroup section */
		252A132A258BDDDA00EE5E80 /* BeagleScaffoldTests */ = {
			isa = PBXGroup;
			children = (
				252A132B258BDDDA00EE5E80 /* BeagleScaffoldTests.swift */,
				252A132D258BDDDA00EE5E80 /* Info.plist */,
			);
			path = BeagleScaffoldTests;
			sourceTree = "<group>";
		};
		25BA5A9F258A9D2600588331 /* Sources */ = {
			isa = PBXGroup;
			children = (
				AFD1F95B25AF80D50007E266 /* BeagleScaffoldDemoViewController */,
				AFD1F95525AF80C50007E266 /* BeagleConfig */,
			);
			path = Sources;
			sourceTree = "<group>";
		};
		25BA5AA9258A9F9C00588331 /* Resources */ = {
			isa = PBXGroup;
			children = (
				25BA5AA0258A9D2600588331 /* BeagleScaffold.h */,
				25BA5AA1258A9D2600588331 /* Info.plist */,
			);
			path = Resources;
			sourceTree = "<group>";
		};
		47546D1A8BEDD6213AD1901C /* Frameworks */ = {
			isa = PBXGroup;
			children = (
				9381178C27D63BE60098BFE4 /* BeagleDefaults.framework */,
				9381178827D2A87C0098BFE4 /* BeagleDefaults.framework */,
				AFD1F90125ADF1520007E266 /* BeagleDefaults.framework */,
			);
			name = Frameworks;
			sourceTree = "<group>";
		};
		AF590BBE258A741200AE70E5 = {
			isa = PBXGroup;
			children = (
				25BA5A9F258A9D2600588331 /* Sources */,
				25BA5AA9258A9F9C00588331 /* Resources */,
				252A132A258BDDDA00EE5E80 /* BeagleScaffoldTests */,
				AF590BC9258A741200AE70E5 /* Products */,
				47546D1A8BEDD6213AD1901C /* Frameworks */,
			);
			sourceTree = "<group>";
		};
		AF590BC9258A741200AE70E5 /* Products */ = {
			isa = PBXGroup;
			children = (
				AF590BC8258A741200AE70E5 /* BeagleScaffold.framework */,
				252A1329258BDDDA00EE5E80 /* BeagleScaffoldTests.xctest */,
			);
			name = Products;
			sourceTree = "<group>";
		};
		AFD1F95525AF80C50007E266 /* BeagleConfig */ = {
			isa = PBXGroup;
			children = (
				AFD1F96125AF81000007E266 /* Tests */,
				252A12ED258BD69B00EE5E80 /* BeagleConfig.swift */,
			);
			path = BeagleConfig;
			sourceTree = "<group>";
		};
		AFD1F95B25AF80D50007E266 /* BeagleScaffoldDemoViewController */ = {
			isa = PBXGroup;
			children = (
				AFD1F96225AF810F0007E266 /* Tests */,
				AF991BAD259A27A400AD1238 /* BeagleScaffoldDemoViewController.swift */,
			);
			path = BeagleScaffoldDemoViewController;
			sourceTree = "<group>";
		};
		AFD1F96125AF81000007E266 /* Tests */ = {
			isa = PBXGroup;
			children = (
				AFD1F8F725ADDBF50007E266 /* BeagleConfigTests.swift */,
			);
			path = Tests;
			sourceTree = "<group>";
		};
		AFD1F96225AF810F0007E266 /* Tests */ = {
			isa = PBXGroup;
			children = (
				AFD1F94C25AF583B0007E266 /* BeagleScaffoldDemoViewControllerTests.swift */,
			);
			path = Tests;
			sourceTree = "<group>";
		};
/* End PBXGroup section */

/* Begin PBXHeadersBuildPhase section */
		AF590BC3258A741200AE70E5 /* Headers */ = {
			isa = PBXHeadersBuildPhase;
			buildActionMask = 2147483647;
			files = (
				25BA5AA2258A9D2600588331 /* BeagleScaffold.h in Headers */,
			);
			runOnlyForDeploymentPostprocessing = 0;
		};
/* End PBXHeadersBuildPhase section */

/* Begin PBXNativeTarget section */
		252A1328258BDDDA00EE5E80 /* BeagleScaffoldTests */ = {
			isa = PBXNativeTarget;
			buildConfigurationList = 252A1331258BDDDA00EE5E80 /* Build configuration list for PBXNativeTarget "BeagleScaffoldTests" */;
			buildPhases = (
				252A1325258BDDDA00EE5E80 /* Sources */,
				252A1326258BDDDA00EE5E80 /* Frameworks */,
				252A1327258BDDDA00EE5E80 /* Resources */,
			);
			buildRules = (
			);
			dependencies = (
				252A1330258BDDDA00EE5E80 /* PBXTargetDependency */,
			);
			name = BeagleScaffoldTests;
			productName = BeagleScaffoldTests;
			productReference = 252A1329258BDDDA00EE5E80 /* BeagleScaffoldTests.xctest */;
			productType = "com.apple.product-type.bundle.unit-test";
		};
		AF590BC7258A741200AE70E5 /* BeagleScaffold */ = {
			isa = PBXNativeTarget;
			buildConfigurationList = AF590BD0258A741200AE70E5 /* Build configuration list for PBXNativeTarget "BeagleScaffold" */;
			buildPhases = (
				AF590BC3258A741200AE70E5 /* Headers */,
				AF590BC4258A741200AE70E5 /* Sources */,
				AF590BC5258A741200AE70E5 /* Frameworks */,
				AF590BC6258A741200AE70E5 /* Resources */,
				9381178F27D63BE60098BFE4 /* Embed Frameworks */,
			);
			buildRules = (
			);
			dependencies = (
			);
			name = BeagleScaffold;
			packageProductDependencies = (
			);
			productName = BeagleScaffold;
			productReference = AF590BC8258A741200AE70E5 /* BeagleScaffold.framework */;
			productType = "com.apple.product-type.framework";
		};
/* End PBXNativeTarget section */

/* Begin PBXProject section */
		AF590BBF258A741200AE70E5 /* Project object */ = {
			isa = PBXProject;
			attributes = {
				LastSwiftUpdateCheck = 1230;
				LastUpgradeCheck = 1220;
				TargetAttributes = {
					252A1328258BDDDA00EE5E80 = {
						CreatedOnToolsVersion = 12.3;
					};
					AF590BC7258A741200AE70E5 = {
						CreatedOnToolsVersion = 12.2;
						LastSwiftMigration = 1230;
					};
				};
			};
			buildConfigurationList = AF590BC2258A741200AE70E5 /* Build configuration list for PBXProject "BeagleScaffold" */;
			compatibilityVersion = "Xcode 9.3";
			developmentRegion = en;
			hasScannedForEncodings = 0;
			knownRegions = (
				en,
				Base,
			);
			mainGroup = AF590BBE258A741200AE70E5;
			packageReferences = (
				9381178527D2A84F0098BFE4 /* XCRemoteSwiftPackageReference "beagle-ios" */,
			);
			productRefGroup = AF590BC9258A741200AE70E5 /* Products */;
			projectDirPath = "";
			projectRoot = "";
			targets = (
				AF590BC7258A741200AE70E5 /* BeagleScaffold */,
				252A1328258BDDDA00EE5E80 /* BeagleScaffoldTests */,
			);
		};
/* End PBXProject section */

/* Begin PBXResourcesBuildPhase section */
		252A1327258BDDDA00EE5E80 /* Resources */ = {
			isa = PBXResourcesBuildPhase;
			buildActionMask = 2147483647;
			files = (
			);
			runOnlyForDeploymentPostprocessing = 0;
		};
		AF590BC6258A741200AE70E5 /* Resources */ = {
			isa = PBXResourcesBuildPhase;
			buildActionMask = 2147483647;
			files = (
			);
			runOnlyForDeploymentPostprocessing = 0;
		};
/* End PBXResourcesBuildPhase section */

/* Begin PBXSourcesBuildPhase section */
		252A1325258BDDDA00EE5E80 /* Sources */ = {
			isa = PBXSourcesBuildPhase;
			buildActionMask = 2147483647;
			files = (
				252A132C258BDDDA00EE5E80 /* BeagleScaffoldTests.swift in Sources */,
				AFD1F98925AF83EA0007E266 /* BeagleScaffoldDemoViewControllerTests.swift in Sources */,
				AFD1F98625AF83DD0007E266 /* BeagleConfigTests.swift in Sources */,
			);
			runOnlyForDeploymentPostprocessing = 0;
		};
		AF590BC4258A741200AE70E5 /* Sources */ = {
			isa = PBXSourcesBuildPhase;
			buildActionMask = 2147483647;
			files = (
				AF991BAE259A27A400AD1238 /* BeagleScaffoldDemoViewController.swift in Sources */,
				252A130C258BD69B00EE5E80 /* BeagleConfig.swift in Sources */,
			);
			runOnlyForDeploymentPostprocessing = 0;
		};
/* End PBXSourcesBuildPhase section */

/* Begin PBXTargetDependency section */
		252A1330258BDDDA00EE5E80 /* PBXTargetDependency */ = {
			isa = PBXTargetDependency;
			target = AF590BC7258A741200AE70E5 /* BeagleScaffold */;
			targetProxy = 252A132F258BDDDA00EE5E80 /* PBXContainerItemProxy */;
		};
/* End PBXTargetDependency section */

/* Begin XCBuildConfiguration section */
		252A1332258BDDDA00EE5E80 /* Debug */ = {
			isa = XCBuildConfiguration;
			buildSettings = {
				CODE_SIGN_STYLE = Automatic;
				DEVELOPMENT_TEAM = "";
				INFOPLIST_FILE = BeagleScaffoldTests/Info.plist;
				IPHONEOS_DEPLOYMENT_TARGET = 10.0;
				LD_RUNPATH_SEARCH_PATHS = (
					"$(inherited)",
					"@executable_path/Frameworks",
					"@loader_path/Frameworks",
				);
				PRODUCT_BUNDLE_IDENTIFIER = com.ortu.caio.BeagleScaffoldTests;
				PRODUCT_NAME = "$(TARGET_NAME)";
				SWIFT_VERSION = 5.0;
				TARGETED_DEVICE_FAMILY = "1,2";
			};
			name = Debug;
		};
		252A1333258BDDDA00EE5E80 /* Release */ = {
			isa = XCBuildConfiguration;
			buildSettings = {
				CODE_SIGN_STYLE = Automatic;
				DEVELOPMENT_TEAM = "";
				INFOPLIST_FILE = BeagleScaffoldTests/Info.plist;
				IPHONEOS_DEPLOYMENT_TARGET = 10.0;
				LD_RUNPATH_SEARCH_PATHS = (
					"$(inherited)",
					"@executable_path/Frameworks",
					"@loader_path/Frameworks",
				);
				PRODUCT_BUNDLE_IDENTIFIER = com.ortu.caio.BeagleScaffoldTests;
				PRODUCT_NAME = "$(TARGET_NAME)";
				SWIFT_VERSION = 5.0;
				TARGETED_DEVICE_FAMILY = "1,2";
			};
			name = Release;
		};
		AF590BCE258A741200AE70E5 /* Debug */ = {
			isa = XCBuildConfiguration;
			buildSettings = {
				ALWAYS_SEARCH_USER_PATHS = NO;
				CLANG_ANALYZER_NONNULL = YES;
				CLANG_ANALYZER_NUMBER_OBJECT_CONVERSION = YES_AGGRESSIVE;
				CLANG_CXX_LANGUAGE_STANDARD = "gnu++14";
				CLANG_CXX_LIBRARY = "libc++";
				CLANG_ENABLE_MODULES = YES;
				CLANG_ENABLE_OBJC_ARC = YES;
				CLANG_ENABLE_OBJC_WEAK = YES;
				CLANG_WARN_BLOCK_CAPTURE_AUTORELEASING = YES;
				CLANG_WARN_BOOL_CONVERSION = YES;
				CLANG_WARN_COMMA = YES;
				CLANG_WARN_CONSTANT_CONVERSION = YES;
				CLANG_WARN_DEPRECATED_OBJC_IMPLEMENTATIONS = YES;
				CLANG_WARN_DIRECT_OBJC_ISA_USAGE = YES_ERROR;
				CLANG_WARN_DOCUMENTATION_COMMENTS = YES;
				CLANG_WARN_EMPTY_BODY = YES;
				CLANG_WARN_ENUM_CONVERSION = YES;
				CLANG_WARN_INFINITE_RECURSION = YES;
				CLANG_WARN_INT_CONVERSION = YES;
				CLANG_WARN_NON_LITERAL_NULL_CONVERSION = YES;
				CLANG_WARN_OBJC_IMPLICIT_RETAIN_SELF = YES;
				CLANG_WARN_OBJC_LITERAL_CONVERSION = YES;
				CLANG_WARN_OBJC_ROOT_CLASS = YES_ERROR;
				CLANG_WARN_QUOTED_INCLUDE_IN_FRAMEWORK_HEADER = YES;
				CLANG_WARN_RANGE_LOOP_ANALYSIS = YES;
				CLANG_WARN_STRICT_PROTOTYPES = YES;
				CLANG_WARN_SUSPICIOUS_MOVE = YES;
				CLANG_WARN_UNGUARDED_AVAILABILITY = YES_AGGRESSIVE;
				CLANG_WARN_UNREACHABLE_CODE = YES;
				CLANG_WARN__DUPLICATE_METHOD_MATCH = YES;
				COPY_PHASE_STRIP = NO;
				CURRENT_PROJECT_VERSION = 1;
				DEBUG_INFORMATION_FORMAT = dwarf;
				ENABLE_STRICT_OBJC_MSGSEND = YES;
				ENABLE_TESTABILITY = YES;
				GCC_C_LANGUAGE_STANDARD = gnu11;
				GCC_DYNAMIC_NO_PIC = NO;
				GCC_NO_COMMON_BLOCKS = YES;
				GCC_OPTIMIZATION_LEVEL = 0;
				GCC_PREPROCESSOR_DEFINITIONS = (
					"DEBUG=1",
					"$(inherited)",
				);
				GCC_WARN_64_TO_32_BIT_CONVERSION = YES;
				GCC_WARN_ABOUT_RETURN_TYPE = YES_ERROR;
				GCC_WARN_UNDECLARED_SELECTOR = YES;
				GCC_WARN_UNINITIALIZED_AUTOS = YES_AGGRESSIVE;
				GCC_WARN_UNUSED_FUNCTION = YES;
				GCC_WARN_UNUSED_VARIABLE = YES;
				IPHONEOS_DEPLOYMENT_TARGET = 10.0;
				MTL_ENABLE_DEBUG_INFO = INCLUDE_SOURCE;
				MTL_FAST_MATH = YES;
				ONLY_ACTIVE_ARCH = YES;
				SDKROOT = iphoneos;
				SWIFT_ACTIVE_COMPILATION_CONDITIONS = DEBUG;
				SWIFT_OPTIMIZATION_LEVEL = "-Onone";
				VERSIONING_SYSTEM = "apple-generic";
				VERSION_INFO_PREFIX = "";
			};
			name = Debug;
		};
		AF590BCF258A741200AE70E5 /* Release */ = {
			isa = XCBuildConfiguration;
			buildSettings = {
				ALWAYS_SEARCH_USER_PATHS = NO;
				CLANG_ANALYZER_NONNULL = YES;
				CLANG_ANALYZER_NUMBER_OBJECT_CONVERSION = YES_AGGRESSIVE;
				CLANG_CXX_LANGUAGE_STANDARD = "gnu++14";
				CLANG_CXX_LIBRARY = "libc++";
				CLANG_ENABLE_MODULES = YES;
				CLANG_ENABLE_OBJC_ARC = YES;
				CLANG_ENABLE_OBJC_WEAK = YES;
				CLANG_WARN_BLOCK_CAPTURE_AUTORELEASING = YES;
				CLANG_WARN_BOOL_CONVERSION = YES;
				CLANG_WARN_COMMA = YES;
				CLANG_WARN_CONSTANT_CONVERSION = YES;
				CLANG_WARN_DEPRECATED_OBJC_IMPLEMENTATIONS = YES;
				CLANG_WARN_DIRECT_OBJC_ISA_USAGE = YES_ERROR;
				CLANG_WARN_DOCUMENTATION_COMMENTS = YES;
				CLANG_WARN_EMPTY_BODY = YES;
				CLANG_WARN_ENUM_CONVERSION = YES;
				CLANG_WARN_INFINITE_RECURSION = YES;
				CLANG_WARN_INT_CONVERSION = YES;
				CLANG_WARN_NON_LITERAL_NULL_CONVERSION = YES;
				CLANG_WARN_OBJC_IMPLICIT_RETAIN_SELF = YES;
				CLANG_WARN_OBJC_LITERAL_CONVERSION = YES;
				CLANG_WARN_OBJC_ROOT_CLASS = YES_ERROR;
				CLANG_WARN_QUOTED_INCLUDE_IN_FRAMEWORK_HEADER = YES;
				CLANG_WARN_RANGE_LOOP_ANALYSIS = YES;
				CLANG_WARN_STRICT_PROTOTYPES = YES;
				CLANG_WARN_SUSPICIOUS_MOVE = YES;
				CLANG_WARN_UNGUARDED_AVAILABILITY = YES_AGGRESSIVE;
				CLANG_WARN_UNREACHABLE_CODE = YES;
				CLANG_WARN__DUPLICATE_METHOD_MATCH = YES;
				COPY_PHASE_STRIP = NO;
				CURRENT_PROJECT_VERSION = 1;
				DEBUG_INFORMATION_FORMAT = "dwarf-with-dsym";
				ENABLE_NS_ASSERTIONS = NO;
				ENABLE_STRICT_OBJC_MSGSEND = YES;
				GCC_C_LANGUAGE_STANDARD = gnu11;
				GCC_NO_COMMON_BLOCKS = YES;
				GCC_WARN_64_TO_32_BIT_CONVERSION = YES;
				GCC_WARN_ABOUT_RETURN_TYPE = YES_ERROR;
				GCC_WARN_UNDECLARED_SELECTOR = YES;
				GCC_WARN_UNINITIALIZED_AUTOS = YES_AGGRESSIVE;
				GCC_WARN_UNUSED_FUNCTION = YES;
				GCC_WARN_UNUSED_VARIABLE = YES;
				IPHONEOS_DEPLOYMENT_TARGET = 10.0;
				MTL_ENABLE_DEBUG_INFO = NO;
				MTL_FAST_MATH = YES;
				SDKROOT = iphoneos;
				SWIFT_COMPILATION_MODE = wholemodule;
				SWIFT_OPTIMIZATION_LEVEL = "-O";
				VALIDATE_PRODUCT = YES;
				VERSIONING_SYSTEM = "apple-generic";
				VERSION_INFO_PREFIX = "";
			};
			name = Release;
		};
		AF590BD1258A741200AE70E5 /* Debug */ = {
			isa = XCBuildConfiguration;
			buildSettings = {
				CLANG_ENABLE_MODULES = YES;
				CODE_SIGN_STYLE = Automatic;
				DEFINES_MODULE = YES;
				DYLIB_COMPATIBILITY_VERSION = 1;
				DYLIB_CURRENT_VERSION = 1;
				DYLIB_INSTALL_NAME_BASE = "@rpath";
				INFOPLIST_FILE = "$(SRCROOT)/Resources/Info.plist";
				INSTALL_PATH = "$(LOCAL_LIBRARY_DIR)/Frameworks";
				IPHONEOS_DEPLOYMENT_TARGET = 10.0;
				LD_RUNPATH_SEARCH_PATHS = (
					"$(inherited)",
					"@executable_path/Frameworks",
					"@loader_path/Frameworks",
				);
				PRODUCT_BUNDLE_IDENTIFIER = br.com.zup.BeagleScaffold;
				PRODUCT_NAME = "$(TARGET_NAME:c99extidentifier)";
				SKIP_INSTALL = YES;
				SUPPORTS_MACCATALYST = NO;
				SWIFT_OPTIMIZATION_LEVEL = "-Onone";
				SWIFT_VERSION = 5.0;
				TARGETED_DEVICE_FAMILY = 1;
			};
			name = Debug;
		};
		AF590BD2258A741200AE70E5 /* Release */ = {
			isa = XCBuildConfiguration;
			buildSettings = {
				CLANG_ENABLE_MODULES = YES;
				CODE_SIGN_STYLE = Automatic;
				DEFINES_MODULE = YES;
				DYLIB_COMPATIBILITY_VERSION = 1;
				DYLIB_CURRENT_VERSION = 1;
				DYLIB_INSTALL_NAME_BASE = "@rpath";
				INFOPLIST_FILE = "$(SRCROOT)/Resources/Info.plist";
				INSTALL_PATH = "$(LOCAL_LIBRARY_DIR)/Frameworks";
				IPHONEOS_DEPLOYMENT_TARGET = 10.0;
				LD_RUNPATH_SEARCH_PATHS = (
					"$(inherited)",
					"@executable_path/Frameworks",
					"@loader_path/Frameworks",
				);
				PRODUCT_BUNDLE_IDENTIFIER = br.com.zup.BeagleScaffold;
				PRODUCT_NAME = "$(TARGET_NAME:c99extidentifier)";
				SKIP_INSTALL = YES;
				SUPPORTS_MACCATALYST = NO;
				SWIFT_VERSION = 5.0;
				TARGETED_DEVICE_FAMILY = 1;
			};
			name = Release;
		};
/* End XCBuildConfiguration section */

/* Begin XCConfigurationList section */
		252A1331258BDDDA00EE5E80 /* Build configuration list for PBXNativeTarget "BeagleScaffoldTests" */ = {
			isa = XCConfigurationList;
			buildConfigurations = (
				252A1332258BDDDA00EE5E80 /* Debug */,
				252A1333258BDDDA00EE5E80 /* Release */,
			);
			defaultConfigurationIsVisible = 0;
			defaultConfigurationName = Release;
		};
		AF590BC2258A741200AE70E5 /* Build configuration list for PBXProject "BeagleScaffold" */ = {
			isa = XCConfigurationList;
			buildConfigurations = (
				AF590BCE258A741200AE70E5 /* Debug */,
				AF590BCF258A741200AE70E5 /* Release */,
			);
			defaultConfigurationIsVisible = 0;
			defaultConfigurationName = Release;
		};
		AF590BD0258A741200AE70E5 /* Build configuration list for PBXNativeTarget "BeagleScaffold" */ = {
			isa = XCConfigurationList;
			buildConfigurations = (
				AF590BD1258A741200AE70E5 /* Debug */,
				AF590BD2258A741200AE70E5 /* Release */,
			);
			defaultConfigurationIsVisible = 0;
			defaultConfigurationName = Release;
		};
/* End XCConfigurationList section */

/* Begin XCRemoteSwiftPackageReference section */
		9381178527D2A84F0098BFE4 /* XCRemoteSwiftPackageReference "beagle-ios" */ = {
			isa = XCRemoteSwiftPackageReference;
			repositoryURL = "https://github.com/ZupIT/beagle-ios";
			requirement = {
				kind = exactVersion;
				version = "2.0.0-rc.1";
			};
		};
/* End XCRemoteSwiftPackageReference section */
	};
	rootObject = AF590BBF258A741200AE70E5 /* Project object */;
}
