PODS:
  - Beagle (1.3.1):
    - Beagle/Beagle (= 1.3.1)
  - Beagle/Beagle (1.3.1):
    - BeagleSchema (= 1.3.1)
    - YogaKit
  - BeagleSchema (1.3.1)
  - Yoga (1.14.0)
  - YogaKit (1.18.1):
    - Yoga (~> 1.14)

DEPENDENCIES:
  - Beagle

SPEC REPOS:
  trunk:
    - Beagle
    - BeagleSchema
    - Yoga
    - YogaKit

SPEC CHECKSUMS:
  Beagle: 2922adfd6ca074ac51d4dc732916e0754dd70379
  BeagleSchema: f4c287661c17cbe2b27fcf2ad20facbd9fdff5f2
  Yoga: cff67a400f6b74dc38eb0bad4f156673d9aa980c
  YogaKit: f782866e155069a2cca2517aafea43200b01fd5a

PODFILE CHECKSUM: f4d10875e45bffb328ed784081d70ca008fae26e

COCOAPODS: 1.10.0
