PODS:
  - Beagle (1.5.0):
    - Beagle/Beagle (= 1.5.0)
  - Beagle/Beagle (1.5.0):
    - BeagleSchema (= 1.5.0)
    - YogaKit
  - BeagleDefaults (1.0.0):
    - BeagleDefaults/BeagleDefaults (= 1.0.0)
  - BeagleDefaults/BeagleDefaults (1.0.0):
    - Beagle
  - BeagleSchema (1.5.0)
  - Yoga (1.14.0)
  - YogaKit (1.18.1):
    - Yoga (~> 1.14)

DEPENDENCIES:
  - BeagleDefaults (from `https://github.com/ZupIT/beagle-helpers.git`)

SPEC REPOS:
  trunk:
    - Beagle
    - BeagleSchema
    - Yoga
    - YogaKit

EXTERNAL SOURCES:
  BeagleDefaults:
    :git: https://github.com/ZupIT/beagle-helpers.git

CHECKOUT OPTIONS:
  BeagleDefaults:
    :commit: 09aea8d522c95a1144961f791bbaa7e030bb24fd
    :git: https://github.com/ZupIT/beagle-helpers.git

SPEC CHECKSUMS:
  Beagle: 68b7583ec5ba63d8000f87afc32247d61019adbd
  BeagleDefaults: ce95fcbe27bd89e0e96987b392741fb3fcfc3ad6
  BeagleSchema: cc5463afa843ac07caaddb875d82c97a7d8a0153
  Yoga: cff67a400f6b74dc38eb0bad4f156673d9aa980c
  YogaKit: f782866e155069a2cca2517aafea43200b01fd5a

PODFILE CHECKSUM: b4ba6ab56d74092e7e61de62bc2c0b5747c24af2

COCOAPODS: 1.10.0
